// !$*UTF8*$!
{
	archiveVersion = 1;
	classes = {
	};
	objectVersion = 54;
	objects = {

/* Begin PBXBuildFile section */
		6306AD2329F1A8A50012301B /* Realm.xcframework in Frameworks */ = {isa = PBXBuildFile; fileRef = 6306AD2129F1A8A40012301B /* Realm.xcframework */; };
		6306AD2429F1A8A60012301B /* Realm.xcframework in Embed Frameworks */ = {isa = PBXBuildFile; fileRef = 6306AD2129F1A8A40012301B /* Realm.xcframework */; settings = {ATTRIBUTES = (CodeSignOnCopy, RemoveHeadersOnCopy, ); }; };
		6306AD2529F1A8A60012301B /* RealmSwift.xcframework in Frameworks */ = {isa = PBXBuildFile; fileRef = 6306AD2229F1A8A50012301B /* RealmSwift.xcframework */; };
		6306AD2629F1A8A60012301B /* RealmSwift.xcframework in Embed Frameworks */ = {isa = PBXBuildFile; fileRef = 6306AD2229F1A8A50012301B /* RealmSwift.xcframework */; settings = {ATTRIBUTES = (CodeSignOnCopy, RemoveHeadersOnCopy, ); }; };
		6306AD2729F1A8BA0012301B /* Realm.xcframework in Frameworks */ = {isa = PBXBuildFile; fileRef = 6306AD2129F1A8A40012301B /* Realm.xcframework */; };
		6306AD2829F1A8BA0012301B /* Realm.xcframework in Embed Frameworks */ = {isa = PBXBuildFile; fileRef = 6306AD2129F1A8A40012301B /* Realm.xcframework */; settings = {ATTRIBUTES = (CodeSignOnCopy, RemoveHeadersOnCopy, ); }; };
		6306AD2929F1A8BA0012301B /* RealmSwift.xcframework in Frameworks */ = {isa = PBXBuildFile; fileRef = 6306AD2229F1A8A50012301B /* RealmSwift.xcframework */; };
		6306AD2A29F1A8BA0012301B /* RealmSwift.xcframework in Embed Frameworks */ = {isa = PBXBuildFile; fileRef = 6306AD2229F1A8A50012301B /* RealmSwift.xcframework */; settings = {ATTRIBUTES = (CodeSignOnCopy, RemoveHeadersOnCopy, ); }; };
		630BDE0024B3ADC60035D8B3 /* NotificationCenter.framework in Frameworks */ = {isa = PBXBuildFile; fileRef = 630BDDFF24B3ADC60035D8B3 /* NotificationCenter.framework */; };
		630BDE0324B3ADC60035D8B3 /* TodayViewController.swift in Sources */ = {isa = PBXBuildFile; fileRef = 630BDE0224B3ADC60035D8B3 /* TodayViewController.swift */; };
		630BDE0624B3ADC60035D8B3 /* MainInterface.storyboard in Resources */ = {isa = PBXBuildFile; fileRef = 630BDE0424B3ADC60035D8B3 /* MainInterface.storyboard */; };
		630BDE0A24B3ADC60035D8B3 /* Demo iOS Today.appex in Embed App Extensions */ = {isa = PBXBuildFile; fileRef = 630BDDFE24B3ADC60035D8B3 /* Demo iOS Today.appex */; settings = {ATTRIBUTES = (RemoveHeadersOnCopy, ); }; };
		630BDE2824B3B0F20035D8B3 /* Interface.storyboard in Resources */ = {isa = PBXBuildFile; fileRef = 630BDE2624B3B0F10035D8B3 /* Interface.storyboard */; };
		630BDE2A24B3B0F30035D8B3 /* Assets.xcassets in Resources */ = {isa = PBXBuildFile; fileRef = 630BDE2924B3B0F30035D8B3 /* Assets.xcassets */; };
		630BDE3124B3B0F30035D8B3 /* Demo watchOS WatchKit Extension.appex in Embed App Extensions */ = {isa = PBXBuildFile; fileRef = 630BDE3024B3B0F30035D8B3 /* Demo watchOS WatchKit Extension.appex */; settings = {ATTRIBUTES = (RemoveHeadersOnCopy, ); }; };
		630BDE3624B3B0F30035D8B3 /* InterfaceController.swift in Sources */ = {isa = PBXBuildFile; fileRef = 630BDE3524B3B0F30035D8B3 /* InterfaceController.swift */; };
		630BDE3824B3B0F30035D8B3 /* ExtensionDelegate.swift in Sources */ = {isa = PBXBuildFile; fileRef = 630BDE3724B3B0F30035D8B3 /* ExtensionDelegate.swift */; };
		630BDE3A24B3B0F30035D8B3 /* NotificationController.swift in Sources */ = {isa = PBXBuildFile; fileRef = 630BDE3924B3B0F30035D8B3 /* NotificationController.swift */; };
		630BDE3C24B3B0F30035D8B3 /* ComplicationController.swift in Sources */ = {isa = PBXBuildFile; fileRef = 630BDE3B24B3B0F30035D8B3 /* ComplicationController.swift */; };
		630BDE3E24B3B0F40035D8B3 /* Assets.xcassets in Resources */ = {isa = PBXBuildFile; fileRef = 630BDE3D24B3B0F40035D8B3 /* Assets.xcassets */; };
		631A7AB7248B376500D86CFF /* AppDelegate.m in Sources */ = {isa = PBXBuildFile; fileRef = 631A7AB6248B376500D86CFF /* AppDelegate.m */; };
		631A7ABA248B376500D86CFF /* SceneDelegate.m in Sources */ = {isa = PBXBuildFile; fileRef = 631A7AB9248B376500D86CFF /* SceneDelegate.m */; };
		631A7ABD248B376500D86CFF /* ViewController.m in Sources */ = {isa = PBXBuildFile; fileRef = 631A7ABC248B376500D86CFF /* ViewController.m */; };
		631A7AC0248B376500D86CFF /* Main.storyboard in Resources */ = {isa = PBXBuildFile; fileRef = 631A7ABE248B376500D86CFF /* Main.storyboard */; };
		631A7AC2248B376600D86CFF /* Assets.xcassets in Resources */ = {isa = PBXBuildFile; fileRef = 631A7AC1248B376600D86CFF /* Assets.xcassets */; };
		631A7AC5248B376600D86CFF /* LaunchScreen.storyboard in Resources */ = {isa = PBXBuildFile; fileRef = 631A7AC3248B376600D86CFF /* LaunchScreen.storyboard */; };
		631A7AC8248B376600D86CFF /* main.m in Sources */ = {isa = PBXBuildFile; fileRef = 631A7AC7248B376600D86CFF /* main.m */; };
		631A7ADD248B376600D86CFF /* Peoplepower_DemoUITests.m in Sources */ = {isa = PBXBuildFile; fileRef = 631A7ADC248B376600D86CFF /* Peoplepower_DemoUITests.m */; };
		634A522F27D5D0CD004B903A /* Peoplepower.framework in Frameworks */ = {isa = PBXBuildFile; fileRef = 634A522E27D5D0CC004B903A /* Peoplepower.framework */; };
		634A523027D5D0CD004B903A /* Peoplepower.framework in Embed Frameworks */ = {isa = PBXBuildFile; fileRef = 634A522E27D5D0CC004B903A /* Peoplepower.framework */; settings = {ATTRIBUTES = (CodeSignOnCopy, RemoveHeadersOnCopy, ); }; };
		638422E429EF0B18005E739C /* Peoplepower.framework in Frameworks */ = {isa = PBXBuildFile; fileRef = 638422E329EF0B18005E739C /* Peoplepower.framework */; };
		638422E529EF0B19005E739C /* Peoplepower.framework in Embed Frameworks */ = {isa = PBXBuildFile; fileRef = 638422E329EF0B18005E739C /* Peoplepower.framework */; settings = {ATTRIBUTES = (CodeSignOnCopy, RemoveHeadersOnCopy, ); }; };
		638422E629EF0FE1005E739C /* AFNetworking.xcframework in Frameworks */ = {isa = PBXBuildFile; fileRef = 63DDBD1029EA65C70078CCDF /* AFNetworking.xcframework */; };
		638422E729EF0FE1005E739C /* AFNetworking.xcframework in Embed Frameworks */ = {isa = PBXBuildFile; fileRef = 63DDBD1029EA65C70078CCDF /* AFNetworking.xcframework */; settings = {ATTRIBUTES = (CodeSignOnCopy, RemoveHeadersOnCopy, ); }; };
		638422E829EF0FE1005E739C /* KissXML.xcframework in Frameworks */ = {isa = PBXBuildFile; fileRef = 63DDBD1129EA65C70078CCDF /* KissXML.xcframework */; };
		638422E929EF0FE1005E739C /* KissXML.xcframework in Embed Frameworks */ = {isa = PBXBuildFile; fileRef = 63DDBD1129EA65C70078CCDF /* KissXML.xcframework */; settings = {ATTRIBUTES = (CodeSignOnCopy, RemoveHeadersOnCopy, ); }; };
		638422EA29EF0FE1005E739C /* OHHTTPStubs.xcframework in Frameworks */ = {isa = PBXBuildFile; fileRef = 63DDBD1229EA65C70078CCDF /* OHHTTPStubs.xcframework */; };
		638422EB29EF0FE1005E739C /* OHHTTPStubs.xcframework in Embed Frameworks */ = {isa = PBXBuildFile; fileRef = 63DDBD1229EA65C70078CCDF /* OHHTTPStubs.xcframework */; settings = {ATTRIBUTES = (CodeSignOnCopy, RemoveHeadersOnCopy, ); }; };
		638422EE29EF0FE1005E739C /* UICKeyChainStore.xcframework in Frameworks */ = {isa = PBXBuildFile; fileRef = 63DDBD1529EA65C70078CCDF /* UICKeyChainStore.xcframework */; };
		638422EF29EF0FE1005E739C /* UICKeyChainStore.xcframework in Embed Frameworks */ = {isa = PBXBuildFile; fileRef = 63DDBD1529EA65C70078CCDF /* UICKeyChainStore.xcframework */; settings = {ATTRIBUTES = (CodeSignOnCopy, RemoveHeadersOnCopy, ); }; };
		638422F029EF1426005E739C /* AFNetworking.xcframework in Frameworks */ = {isa = PBXBuildFile; fileRef = 63DDBD1029EA65C70078CCDF /* AFNetworking.xcframework */; };
		638422F129EF1426005E739C /* AFNetworking.xcframework in Embed Frameworks */ = {isa = PBXBuildFile; fileRef = 63DDBD1029EA65C70078CCDF /* AFNetworking.xcframework */; settings = {ATTRIBUTES = (CodeSignOnCopy, RemoveHeadersOnCopy, ); }; };
		638422F229EF1426005E739C /* KissXML.xcframework in Frameworks */ = {isa = PBXBuildFile; fileRef = 63DDBD1129EA65C70078CCDF /* KissXML.xcframework */; };
		638422F329EF1426005E739C /* KissXML.xcframework in Embed Frameworks */ = {isa = PBXBuildFile; fileRef = 63DDBD1129EA65C70078CCDF /* KissXML.xcframework */; settings = {ATTRIBUTES = (CodeSignOnCopy, RemoveHeadersOnCopy, ); }; };
		638422F429EF1426005E739C /* UICKeyChainStore.xcframework in Frameworks */ = {isa = PBXBuildFile; fileRef = 63DDBD1529EA65C70078CCDF /* UICKeyChainStore.xcframework */; };
		638422F529EF1426005E739C /* UICKeyChainStore.xcframework in Embed Frameworks */ = {isa = PBXBuildFile; fileRef = 63DDBD1529EA65C70078CCDF /* UICKeyChainStore.xcframework */; settings = {ATTRIBUTES = (CodeSignOnCopy, RemoveHeadersOnCopy, ); }; };
		6384231429EF1747005E739C /* Demo_watchOSTests.swift in Sources */ = {isa = PBXBuildFile; fileRef = 6384231329EF1747005E739C /* Demo_watchOSTests.swift */; };
		6384231E29EF1748005E739C /* Demo_watchOSUITests.swift in Sources */ = {isa = PBXBuildFile; fileRef = 6384231D29EF1748005E739C /* Demo_watchOSUITests.swift */; };
		6384232029EF1748005E739C /* Demo_watchOSUITestsLaunchTests.swift in Sources */ = {isa = PBXBuildFile; fileRef = 6384231F29EF1748005E739C /* Demo_watchOSUITestsLaunchTests.swift */; };
		6384233029EF18C6005E739C /* Demo watchOS WatchKit App.app in Embed Watch Content */ = {isa = PBXBuildFile; fileRef = 630BDE2424B3B0F10035D8B3 /* Demo watchOS WatchKit App.app */; settings = {ATTRIBUTES = (RemoveHeadersOnCopy, ); }; };
		6399236B2AE30E2400BD69E8 /* SocketRocket.xcframework in Frameworks */ = {isa = PBXBuildFile; fileRef = 63DDBD1429EA65C70078CCDF /* SocketRocket.xcframework */; };
		6399236C2AE30E2400BD69E8 /* SocketRocket.xcframework in Embed Frameworks */ = {isa = PBXBuildFile; fileRef = 63DDBD1429EA65C70078CCDF /* SocketRocket.xcframework */; settings = {ATTRIBUTES = (CodeSignOnCopy, RemoveHeadersOnCopy, ); }; };
		63C84379268F787B00C6165E /* ViewController+Swift.swift in Sources */ = {isa = PBXBuildFile; fileRef = 63C84378268F787B00C6165E /* ViewController+Swift.swift */; };
		63E62B572492A1A60038A694 /* Peoplepower-Config-Override.plist in Resources */ = {isa = PBXBuildFile; fileRef = 63E62B562492A1A60038A694 /* Peoplepower-Config-Override.plist */; };
/* End PBXBuildFile section */

/* Begin PBXContainerItemProxy section */
		630BDE0824B3ADC60035D8B3 /* PBXContainerItemProxy */ = {
			isa = PBXContainerItemProxy;
			containerPortal = 631A7AAA248B376500D86CFF /* Project object */;
			proxyType = 1;
			remoteGlobalIDString = 630BDDFD24B3ADC60035D8B3;
			remoteInfo = "Demo iOS Today";
		};
		630BDE3224B3B0F30035D8B3 /* PBXContainerItemProxy */ = {
			isa = PBXContainerItemProxy;
			containerPortal = 631A7AAA248B376500D86CFF /* Project object */;
			proxyType = 1;
			remoteGlobalIDString = 630BDE2F24B3B0F30035D8B3;
			remoteInfo = "Demo watchOS Extension";
		};
		631A7AD9248B376600D86CFF /* PBXContainerItemProxy */ = {
			isa = PBXContainerItemProxy;
			containerPortal = 631A7AAA248B376500D86CFF /* Project object */;
			proxyType = 1;
			remoteGlobalIDString = 631A7AB1248B376500D86CFF;
			remoteInfo = "Peoplepower Demo";
		};
		6384232E29EF18AC005E739C /* PBXContainerItemProxy */ = {
			isa = PBXContainerItemProxy;
			containerPortal = 631A7AAA248B376500D86CFF /* Project object */;
			proxyType = 1;
			remoteGlobalIDString = 630BDE2324B3B0F10035D8B3;
			remoteInfo = "Demo watchOS WatchKit App";
		};
		6384233129EF190E005E739C /* PBXContainerItemProxy */ = {
			isa = PBXContainerItemProxy;
			containerPortal = 631A7AAA248B376500D86CFF /* Project object */;
			proxyType = 1;
			remoteGlobalIDString = 630BDE2F24B3B0F30035D8B3;
			remoteInfo = "Demo watchOS WatchKit Extension";
		};
		6384233329EF1936005E739C /* PBXContainerItemProxy */ = {
			isa = PBXContainerItemProxy;
			containerPortal = 631A7AAA248B376500D86CFF /* Project object */;
			proxyType = 1;
			remoteGlobalIDString = 630BDE2324B3B0F10035D8B3;
			remoteInfo = "Demo watchOS WatchKit App";
		};
/* End PBXContainerItemProxy section */

/* Begin PBXCopyFilesBuildPhase section */
		630BDE0E24B3ADC60035D8B3 /* Embed App Extensions */ = {
			isa = PBXCopyFilesBuildPhase;
			buildActionMask = 2147483647;
			dstPath = "";
			dstSubfolderSpec = 13;
			files = (
				630BDE0A24B3ADC60035D8B3 /* Demo iOS Today.appex in Embed App Extensions */,
			);
			name = "Embed App Extensions";
			runOnlyForDeploymentPostprocessing = 0;
		};
		630BDE4724B3B0F40035D8B3 /* Embed App Extensions */ = {
			isa = PBXCopyFilesBuildPhase;
			buildActionMask = 2147483647;
			dstPath = "";
			dstSubfolderSpec = 13;
			files = (
				630BDE3124B3B0F30035D8B3 /* Demo watchOS WatchKit Extension.appex in Embed App Extensions */,
			);
			name = "Embed App Extensions";
			runOnlyForDeploymentPostprocessing = 0;
		};
		634A523127D5D0CD004B903A /* Embed Frameworks */ = {
			isa = PBXCopyFilesBuildPhase;
			buildActionMask = 2147483647;
			dstPath = "";
			dstSubfolderSpec = 10;
			files = (
				638422F329EF1426005E739C /* KissXML.xcframework in Embed Frameworks */,
				6306AD2A29F1A8BA0012301B /* RealmSwift.xcframework in Embed Frameworks */,
				638422F529EF1426005E739C /* UICKeyChainStore.xcframework in Embed Frameworks */,
				638422F129EF1426005E739C /* AFNetworking.xcframework in Embed Frameworks */,
				634A523027D5D0CD004B903A /* Peoplepower.framework in Embed Frameworks */,
				6306AD2829F1A8BA0012301B /* Realm.xcframework in Embed Frameworks */,
			);
			name = "Embed Frameworks";
			runOnlyForDeploymentPostprocessing = 0;
		};
		6384232429EF1748005E739C /* Embed Watch Content */ = {
			isa = PBXCopyFilesBuildPhase;
			buildActionMask = 2147483647;
			dstPath = "$(CONTENTS_FOLDER_PATH)/Watch";
			dstSubfolderSpec = 16;
			files = (
				6384233029EF18C6005E739C /* Demo watchOS WatchKit App.app in Embed Watch Content */,
			);
			name = "Embed Watch Content";
			runOnlyForDeploymentPostprocessing = 0;
		};
		63DDBD3529EA66C30078CCDF /* Embed Frameworks */ = {
			isa = PBXCopyFilesBuildPhase;
			buildActionMask = 2147483647;
			dstPath = "";
			dstSubfolderSpec = 10;
			files = (
				6399236C2AE30E2400BD69E8 /* SocketRocket.xcframework in Embed Frameworks */,
				638422EF29EF0FE1005E739C /* UICKeyChainStore.xcframework in Embed Frameworks */,
				638422E929EF0FE1005E739C /* KissXML.xcframework in Embed Frameworks */,
				638422E729EF0FE1005E739C /* AFNetworking.xcframework in Embed Frameworks */,
				638422EB29EF0FE1005E739C /* OHHTTPStubs.xcframework in Embed Frameworks */,
				638422E529EF0B19005E739C /* Peoplepower.framework in Embed Frameworks */,
				6306AD2429F1A8A60012301B /* Realm.xcframework in Embed Frameworks */,
				6306AD2629F1A8A60012301B /* RealmSwift.xcframework in Embed Frameworks */,
			);
			name = "Embed Frameworks";
			runOnlyForDeploymentPostprocessing = 0;
		};
/* End PBXCopyFilesBuildPhase section */

/* Begin PBXFileReference section */
		6306AD2129F1A8A40012301B /* Realm.xcframework */ = {isa = PBXFileReference; lastKnownFileType = wrapper.xcframework; name = Realm.xcframework; path = ../Carthage/Build/Realm.xcframework; sourceTree = "<group>"; };
		6306AD2229F1A8A50012301B /* RealmSwift.xcframework */ = {isa = PBXFileReference; lastKnownFileType = wrapper.xcframework; name = RealmSwift.xcframework; path = ../Carthage/Build/RealmSwift.xcframework; sourceTree = "<group>"; };
		630BDC4324B389E50035D8B3 /* Podfile */ = {isa = PBXFileReference; fileEncoding = 4; lastKnownFileType = text; path = Podfile; sourceTree = "<group>"; xcLanguageSpecificationIdentifier = xcode.lang.ruby; };
		630BDDFE24B3ADC60035D8B3 /* Demo iOS Today.appex */ = {isa = PBXFileReference; explicitFileType = "wrapper.app-extension"; includeInIndex = 0; path = "Demo iOS Today.appex"; sourceTree = BUILT_PRODUCTS_DIR; };
		630BDDFF24B3ADC60035D8B3 /* NotificationCenter.framework */ = {isa = PBXFileReference; lastKnownFileType = wrapper.framework; name = NotificationCenter.framework; path = System/Library/Frameworks/NotificationCenter.framework; sourceTree = SDKROOT; };
		630BDE0224B3ADC60035D8B3 /* TodayViewController.swift */ = {isa = PBXFileReference; lastKnownFileType = sourcecode.swift; path = TodayViewController.swift; sourceTree = "<group>"; };
		630BDE0524B3ADC60035D8B3 /* Base */ = {isa = PBXFileReference; lastKnownFileType = file.storyboard; name = Base; path = Base.lproj/MainInterface.storyboard; sourceTree = "<group>"; };
		630BDE0724B3ADC60035D8B3 /* Info.plist */ = {isa = PBXFileReference; lastKnownFileType = text.plist.xml; path = Info.plist; sourceTree = "<group>"; };
		630BDE1C24B3AE0E0035D8B3 /* Demo iOS Today.entitlements */ = {isa = PBXFileReference; lastKnownFileType = text.plist.entitlements; path = "Demo iOS Today.entitlements"; sourceTree = "<group>"; };
		630BDE1D24B3AE360035D8B3 /* Demo iOS.entitlements */ = {isa = PBXFileReference; lastKnownFileType = text.plist.entitlements; path = "Demo iOS.entitlements"; sourceTree = "<group>"; };
		630BDE2424B3B0F10035D8B3 /* Demo watchOS WatchKit App.app */ = {isa = PBXFileReference; explicitFileType = wrapper.application; includeInIndex = 0; path = "Demo watchOS WatchKit App.app"; sourceTree = BUILT_PRODUCTS_DIR; };
		630BDE2724B3B0F20035D8B3 /* Base */ = {isa = PBXFileReference; lastKnownFileType = file.storyboard; name = Base; path = Base.lproj/Interface.storyboard; sourceTree = "<group>"; };
		630BDE2924B3B0F30035D8B3 /* Assets.xcassets */ = {isa = PBXFileReference; lastKnownFileType = folder.assetcatalog; path = Assets.xcassets; sourceTree = "<group>"; };
		630BDE3024B3B0F30035D8B3 /* Demo watchOS WatchKit Extension.appex */ = {isa = PBXFileReference; explicitFileType = "wrapper.app-extension"; includeInIndex = 0; path = "Demo watchOS WatchKit Extension.appex"; sourceTree = BUILT_PRODUCTS_DIR; };
		630BDE3524B3B0F30035D8B3 /* InterfaceController.swift */ = {isa = PBXFileReference; lastKnownFileType = sourcecode.swift; path = InterfaceController.swift; sourceTree = "<group>"; };
		630BDE3724B3B0F30035D8B3 /* ExtensionDelegate.swift */ = {isa = PBXFileReference; lastKnownFileType = sourcecode.swift; path = ExtensionDelegate.swift; sourceTree = "<group>"; };
		630BDE3924B3B0F30035D8B3 /* NotificationController.swift */ = {isa = PBXFileReference; lastKnownFileType = sourcecode.swift; path = NotificationController.swift; sourceTree = "<group>"; };
		630BDE3B24B3B0F30035D8B3 /* ComplicationController.swift */ = {isa = PBXFileReference; lastKnownFileType = sourcecode.swift; path = ComplicationController.swift; sourceTree = "<group>"; };
		630BDE3D24B3B0F40035D8B3 /* Assets.xcassets */ = {isa = PBXFileReference; lastKnownFileType = folder.assetcatalog; path = Assets.xcassets; sourceTree = "<group>"; };
		630BDE3F24B3B0F40035D8B3 /* Info.plist */ = {isa = PBXFileReference; lastKnownFileType = text.plist.xml; path = Info.plist; sourceTree = "<group>"; };
		630BDE4024B3B0F40035D8B3 /* PushNotificationPayload.apns */ = {isa = PBXFileReference; lastKnownFileType = text; path = PushNotificationPayload.apns; sourceTree = "<group>"; };
		630BDE5B24B3B60C0035D8B3 /* AFNetworking.framework */ = {isa = PBXFileReference; lastKnownFileType = wrapper.framework; name = AFNetworking.framework; path = Carthage/Build/watchOS/AFNetworking.framework; sourceTree = "<group>"; };
		630BDE5C24B3B60C0035D8B3 /* KissXML.framework */ = {isa = PBXFileReference; lastKnownFileType = wrapper.framework; name = KissXML.framework; path = Carthage/Build/watchOS/KissXML.framework; sourceTree = "<group>"; };
		630BDE5D24B3B60C0035D8B3 /* UICKeyChainStore.framework */ = {isa = PBXFileReference; lastKnownFileType = wrapper.framework; name = UICKeyChainStore.framework; path = Carthage/Build/watchOS/UICKeyChainStore.framework; sourceTree = "<group>"; };
		630BDE5E24B3B60C0035D8B3 /* Peoplepower.framework */ = {isa = PBXFileReference; lastKnownFileType = wrapper.framework; name = Peoplepower.framework; path = Carthage/Build/watchOS/Peoplepower.framework; sourceTree = "<group>"; };
		631A7AB2248B376500D86CFF /* Demo iOS.app */ = {isa = PBXFileReference; explicitFileType = wrapper.application; includeInIndex = 0; path = "Demo iOS.app"; sourceTree = BUILT_PRODUCTS_DIR; };
		631A7AB5248B376500D86CFF /* AppDelegate.h */ = {isa = PBXFileReference; lastKnownFileType = sourcecode.c.h; path = AppDelegate.h; sourceTree = "<group>"; };
		631A7AB6248B376500D86CFF /* AppDelegate.m */ = {isa = PBXFileReference; lastKnownFileType = sourcecode.c.objc; path = AppDelegate.m; sourceTree = "<group>"; };
		631A7AB8248B376500D86CFF /* SceneDelegate.h */ = {isa = PBXFileReference; lastKnownFileType = sourcecode.c.h; path = SceneDelegate.h; sourceTree = "<group>"; };
		631A7AB9248B376500D86CFF /* SceneDelegate.m */ = {isa = PBXFileReference; lastKnownFileType = sourcecode.c.objc; path = SceneDelegate.m; sourceTree = "<group>"; };
		631A7ABB248B376500D86CFF /* ViewController.h */ = {isa = PBXFileReference; lastKnownFileType = sourcecode.c.h; path = ViewController.h; sourceTree = "<group>"; };
		631A7ABC248B376500D86CFF /* ViewController.m */ = {isa = PBXFileReference; lastKnownFileType = sourcecode.c.objc; path = ViewController.m; sourceTree = "<group>"; };
		631A7ABF248B376500D86CFF /* Base */ = {isa = PBXFileReference; lastKnownFileType = file.storyboard; name = Base; path = Base.lproj/Main.storyboard; sourceTree = "<group>"; };
		631A7AC1248B376600D86CFF /* Assets.xcassets */ = {isa = PBXFileReference; lastKnownFileType = folder.assetcatalog; path = Assets.xcassets; sourceTree = "<group>"; };
		631A7AC4248B376600D86CFF /* Base */ = {isa = PBXFileReference; lastKnownFileType = file.storyboard; name = Base; path = Base.lproj/LaunchScreen.storyboard; sourceTree = "<group>"; };
		631A7AC6248B376600D86CFF /* Info.plist */ = {isa = PBXFileReference; lastKnownFileType = text.plist.xml; path = Info.plist; sourceTree = "<group>"; };
		631A7AC7248B376600D86CFF /* main.m */ = {isa = PBXFileReference; lastKnownFileType = sourcecode.c.objc; path = main.m; sourceTree = "<group>"; };
		631A7AD8248B376600D86CFF /* Demo iOSUITests.xctest */ = {isa = PBXFileReference; explicitFileType = wrapper.cfbundle; includeInIndex = 0; path = "Demo iOSUITests.xctest"; sourceTree = BUILT_PRODUCTS_DIR; };
		631A7ADC248B376600D86CFF /* Peoplepower_DemoUITests.m */ = {isa = PBXFileReference; lastKnownFileType = sourcecode.c.objc; path = Peoplepower_DemoUITests.m; sourceTree = "<group>"; };
		631A7ADE248B376600D86CFF /* Info.plist */ = {isa = PBXFileReference; lastKnownFileType = text.plist.xml; path = Info.plist; sourceTree = "<group>"; };
		631A7AEE248B3AB800D86CFF /* KissXML.framework */ = {isa = PBXFileReference; lastKnownFileType = wrapper.framework; name = KissXML.framework; path = Carthage/Build/iOS/KissXML.framework; sourceTree = "<group>"; };
		631A7AEF248B3AB800D86CFF /* SocketRocket.framework */ = {isa = PBXFileReference; lastKnownFileType = wrapper.framework; name = SocketRocket.framework; path = Carthage/Build/iOS/SocketRocket.framework; sourceTree = "<group>"; };
		631A7AF0248B3AB800D86CFF /* OHHTTPStubs.framework */ = {isa = PBXFileReference; lastKnownFileType = wrapper.framework; name = OHHTTPStubs.framework; path = Carthage/Build/iOS/OHHTTPStubs.framework; sourceTree = "<group>"; };
		631A7AF1248B3AB800D86CFF /* AFNetworking.framework */ = {isa = PBXFileReference; lastKnownFileType = wrapper.framework; name = AFNetworking.framework; path = Carthage/Build/iOS/AFNetworking.framework; sourceTree = "<group>"; };
		631A7AF3248B3AB800D86CFF /* UICKeyChainStore.framework */ = {isa = PBXFileReference; lastKnownFileType = wrapper.framework; name = UICKeyChainStore.framework; path = Carthage/Build/iOS/UICKeyChainStore.framework; sourceTree = "<group>"; };
		634A520C27D5CE41004B903A /* UICKeyChainStore.framework */ = {isa = PBXFileReference; lastKnownFileType = wrapper.framework; name = UICKeyChainStore.framework; path = ../Carthage/Build/iOS/UICKeyChainStore.framework; sourceTree = "<group>"; };
		634A520D27D5CE41004B903A /* AFNetworking.framework */ = {isa = PBXFileReference; lastKnownFileType = wrapper.framework; name = AFNetworking.framework; path = ../Carthage/Build/iOS/AFNetworking.framework; sourceTree = "<group>"; };
		634A520E27D5CE41004B903A /* SocketRocket.framework */ = {isa = PBXFileReference; lastKnownFileType = wrapper.framework; name = SocketRocket.framework; path = ../Carthage/Build/iOS/SocketRocket.framework; sourceTree = "<group>"; };
		634A520F27D5CE41004B903A /* KissXML.framework */ = {isa = PBXFileReference; lastKnownFileType = wrapper.framework; name = KissXML.framework; path = ../Carthage/Build/iOS/KissXML.framework; sourceTree = "<group>"; };
		634A521027D5CE41004B903A /* OHHTTPStubs.framework */ = {isa = PBXFileReference; lastKnownFileType = wrapper.framework; name = OHHTTPStubs.framework; path = ../Carthage/Build/iOS/OHHTTPStubs.framework; sourceTree = "<group>"; };
		634A521C27D5CE54004B903A /* Peoplepower.framework */ = {isa = PBXFileReference; explicitFileType = wrapper.framework; path = Peoplepower.framework; sourceTree = BUILT_PRODUCTS_DIR; };
		634A522027D5CF98004B903A /* UICKeyChainStore.framework */ = {isa = PBXFileReference; lastKnownFileType = wrapper.framework; name = UICKeyChainStore.framework; path = ../Carthage/Build/watchOS/UICKeyChainStore.framework; sourceTree = "<group>"; };
		634A522127D5CF98004B903A /* KissXML.framework */ = {isa = PBXFileReference; lastKnownFileType = wrapper.framework; name = KissXML.framework; path = ../Carthage/Build/watchOS/KissXML.framework; sourceTree = "<group>"; };
		634A522227D5CF98004B903A /* AFNetworking.framework */ = {isa = PBXFileReference; lastKnownFileType = wrapper.framework; name = AFNetworking.framework; path = ../Carthage/Build/watchOS/AFNetworking.framework; sourceTree = "<group>"; };
		634A522A27D5CFA4004B903A /* Peoplepower.framework */ = {isa = PBXFileReference; explicitFileType = wrapper.framework; path = Peoplepower.framework; sourceTree = BUILT_PRODUCTS_DIR; };
		634A522E27D5D0CC004B903A /* Peoplepower.framework */ = {isa = PBXFileReference; explicitFileType = wrapper.framework; path = Peoplepower.framework; sourceTree = BUILT_PRODUCTS_DIR; };
		638422E329EF0B18005E739C /* Peoplepower.framework */ = {isa = PBXFileReference; explicitFileType = wrapper.framework; path = Peoplepower.framework; sourceTree = BUILT_PRODUCTS_DIR; };
		638422F829EF1743005E739C /* Demo watchOS.app */ = {isa = PBXFileReference; explicitFileType = wrapper.application; includeInIndex = 0; path = "Demo watchOS.app"; sourceTree = BUILT_PRODUCTS_DIR; };
		6384230F29EF1746005E739C /* Demo watchOSTests.xctest */ = {isa = PBXFileReference; explicitFileType = wrapper.cfbundle; includeInIndex = 0; path = "Demo watchOSTests.xctest"; sourceTree = BUILT_PRODUCTS_DIR; };
		6384231329EF1747005E739C /* Demo_watchOSTests.swift */ = {isa = PBXFileReference; lastKnownFileType = sourcecode.swift; path = Demo_watchOSTests.swift; sourceTree = "<group>"; };
		6384231929EF1747005E739C /* Demo watchOSUITests.xctest */ = {isa = PBXFileReference; explicitFileType = wrapper.cfbundle; includeInIndex = 0; path = "Demo watchOSUITests.xctest"; sourceTree = BUILT_PRODUCTS_DIR; };
		6384231D29EF1748005E739C /* Demo_watchOSUITests.swift */ = {isa = PBXFileReference; lastKnownFileType = sourcecode.swift; path = Demo_watchOSUITests.swift; sourceTree = "<group>"; };
		6384231F29EF1748005E739C /* Demo_watchOSUITestsLaunchTests.swift */ = {isa = PBXFileReference; lastKnownFileType = sourcecode.swift; path = Demo_watchOSUITestsLaunchTests.swift; sourceTree = "<group>"; };
		6384233529EF1BAF005E739C /* Demo watchOS WatchKit App.entitlements */ = {isa = PBXFileReference; lastKnownFileType = text.plist.entitlements; path = "Demo watchOS WatchKit App.entitlements"; sourceTree = "<group>"; };
		6384233629EF1BEE005E739C /* Demo watchOS WatchKit Extension.entitlements */ = {isa = PBXFileReference; lastKnownFileType = text.plist.entitlements; path = "Demo watchOS WatchKit Extension.entitlements"; sourceTree = "<group>"; };
		63A2B62C29EBBFE70003D5FF /* RealmSwift.xcframework */ = {isa = PBXFileReference; lastKnownFileType = wrapper.xcframework; name = RealmSwift.xcframework; path = Carthage/Build/RealmSwift.xcframework; sourceTree = "<group>"; };
		63A2B62D29EBBFE70003D5FF /* Realm.xcframework */ = {isa = PBXFileReference; lastKnownFileType = wrapper.xcframework; name = Realm.xcframework; path = Carthage/Build/Realm.xcframework; sourceTree = "<group>"; };
		63C84377268F787A00C6165E /* Demo iOS-Bridging-Header.h */ = {isa = PBXFileReference; lastKnownFileType = sourcecode.c.h; path = "Demo iOS-Bridging-Header.h"; sourceTree = "<group>"; };
		63C84378268F787B00C6165E /* ViewController+Swift.swift */ = {isa = PBXFileReference; lastKnownFileType = sourcecode.swift; path = "ViewController+Swift.swift"; sourceTree = "<group>"; };
		63DDBD1029EA65C70078CCDF /* AFNetworking.xcframework */ = {isa = PBXFileReference; lastKnownFileType = wrapper.xcframework; name = AFNetworking.xcframework; path = ../Carthage/Build/AFNetworking.xcframework; sourceTree = "<group>"; };
		63DDBD1129EA65C70078CCDF /* KissXML.xcframework */ = {isa = PBXFileReference; lastKnownFileType = wrapper.xcframework; name = KissXML.xcframework; path = ../Carthage/Build/KissXML.xcframework; sourceTree = "<group>"; };
		63DDBD1229EA65C70078CCDF /* OHHTTPStubs.xcframework */ = {isa = PBXFileReference; lastKnownFileType = wrapper.xcframework; name = OHHTTPStubs.xcframework; path = ../Carthage/Build/OHHTTPStubs.xcframework; sourceTree = "<group>"; };
		63DDBD1329EA65C70078CCDF /* Peoplepower.xcframework */ = {isa = PBXFileReference; lastKnownFileType = wrapper.xcframework; name = Peoplepower.xcframework; path = ../Carthage/Build/Peoplepower.xcframework; sourceTree = "<group>"; };
		63DDBD1429EA65C70078CCDF /* SocketRocket.xcframework */ = {isa = PBXFileReference; lastKnownFileType = wrapper.xcframework; name = SocketRocket.xcframework; path = ../Carthage/Build/SocketRocket.xcframework; sourceTree = "<group>"; };
		63DDBD1529EA65C70078CCDF /* UICKeyChainStore.xcframework */ = {isa = PBXFileReference; lastKnownFileType = wrapper.xcframework; name = UICKeyChainStore.xcframework; path = ../Carthage/Build/UICKeyChainStore.xcframework; sourceTree = "<group>"; };
		63DDBD2329EA66C00078CCDF /* OHHTTPStubs.xcframework */ = {isa = PBXFileReference; lastKnownFileType = wrapper.xcframework; name = OHHTTPStubs.xcframework; path = Carthage/Build/OHHTTPStubs.xcframework; sourceTree = "<group>"; };
		63DDBD2429EA66C00078CCDF /* AFNetworking.xcframework */ = {isa = PBXFileReference; lastKnownFileType = wrapper.xcframework; name = AFNetworking.xcframework; path = Carthage/Build/AFNetworking.xcframework; sourceTree = "<group>"; };
		63DDBD2529EA66C00078CCDF /* Peoplepower.xcframework */ = {isa = PBXFileReference; lastKnownFileType = wrapper.xcframework; name = Peoplepower.xcframework; path = Carthage/Build/Peoplepower.xcframework; sourceTree = "<group>"; };
		63DDBD2629EA66C10078CCDF /* SocketRocket.xcframework */ = {isa = PBXFileReference; lastKnownFileType = wrapper.xcframework; name = SocketRocket.xcframework; path = Carthage/Build/SocketRocket.xcframework; sourceTree = "<group>"; };
		63DDBD2729EA66C10078CCDF /* UICKeyChainStore.xcframework */ = {isa = PBXFileReference; lastKnownFileType = wrapper.xcframework; name = UICKeyChainStore.xcframework; path = Carthage/Build/UICKeyChainStore.xcframework; sourceTree = "<group>"; };
		63DDBD2829EA66C10078CCDF /* KissXML.xcframework */ = {isa = PBXFileReference; lastKnownFileType = wrapper.xcframework; name = KissXML.xcframework; path = Carthage/Build/KissXML.xcframework; sourceTree = "<group>"; };
		63E62AC42491A4060038A694 /* Peoplepower.framework */ = {isa = PBXFileReference; lastKnownFileType = wrapper.framework; name = Peoplepower.framework; path = Carthage/Build/iOS/Peoplepower.framework; sourceTree = "<group>"; };
		63E62B562492A1A60038A694 /* Peoplepower-Config-Override.plist */ = {isa = PBXFileReference; fileEncoding = 4; lastKnownFileType = text.plist.xml; path = "Peoplepower-Config-Override.plist"; sourceTree = "<group>"; };
/* End PBXFileReference section */

/* Begin PBXFrameworksBuildPhase section */
		630BDDFB24B3ADC60035D8B3 /* Frameworks */ = {
			isa = PBXFrameworksBuildPhase;
			buildActionMask = 2147483647;
			files = (
				630BDE0024B3ADC60035D8B3 /* NotificationCenter.framework in Frameworks */,
			);
			runOnlyForDeploymentPostprocessing = 0;
		};
		630BDE2D24B3B0F30035D8B3 /* Frameworks */ = {
			isa = PBXFrameworksBuildPhase;
			buildActionMask = 2147483647;
			files = (
				634A522F27D5D0CD004B903A /* Peoplepower.framework in Frameworks */,
				6306AD2929F1A8BA0012301B /* RealmSwift.xcframework in Frameworks */,
				638422F229EF1426005E739C /* KissXML.xcframework in Frameworks */,
				638422F029EF1426005E739C /* AFNetworking.xcframework in Frameworks */,
				638422F429EF1426005E739C /* UICKeyChainStore.xcframework in Frameworks */,
				6306AD2729F1A8BA0012301B /* Realm.xcframework in Frameworks */,
			);
			runOnlyForDeploymentPostprocessing = 0;
		};
		631A7AAF248B376500D86CFF /* Frameworks */ = {
			isa = PBXFrameworksBuildPhase;
			buildActionMask = 2147483647;
			files = (
				638422EE29EF0FE1005E739C /* UICKeyChainStore.xcframework in Frameworks */,
				638422E429EF0B18005E739C /* Peoplepower.framework in Frameworks */,
				6306AD2529F1A8A60012301B /* RealmSwift.xcframework in Frameworks */,
				638422E829EF0FE1005E739C /* KissXML.xcframework in Frameworks */,
				6306AD2329F1A8A50012301B /* Realm.xcframework in Frameworks */,
				6399236B2AE30E2400BD69E8 /* SocketRocket.xcframework in Frameworks */,
				638422EA29EF0FE1005E739C /* OHHTTPStubs.xcframework in Frameworks */,
				638422E629EF0FE1005E739C /* AFNetworking.xcframework in Frameworks */,
			);
			runOnlyForDeploymentPostprocessing = 0;
		};
		631A7AD5248B376600D86CFF /* Frameworks */ = {
			isa = PBXFrameworksBuildPhase;
			buildActionMask = 2147483647;
			files = (
			);
			runOnlyForDeploymentPostprocessing = 0;
		};
		6384230C29EF1746005E739C /* Frameworks */ = {
			isa = PBXFrameworksBuildPhase;
			buildActionMask = 2147483647;
			files = (
			);
			runOnlyForDeploymentPostprocessing = 0;
		};
		6384231629EF1747005E739C /* Frameworks */ = {
			isa = PBXFrameworksBuildPhase;
			buildActionMask = 2147483647;
			files = (
			);
			runOnlyForDeploymentPostprocessing = 0;
		};
		A853F2C1BBBCEA47B935FC46 /* Frameworks */ = {
			isa = PBXFrameworksBuildPhase;
			buildActionMask = 2147483647;
			files = (
			);
			runOnlyForDeploymentPostprocessing = 0;
		};
/* End PBXFrameworksBuildPhase section */

/* Begin PBXGroup section */
		474F3D52B8CFB4C610ECAFC7 /* Pods */ = {
			isa = PBXGroup;
			children = (
			);
			path = Pods;
			sourceTree = "<group>";
		};
		630BDC4024B389A30035D8B3 /* Build Utilities */ = {
			isa = PBXGroup;
			children = (
				630BDC4324B389E50035D8B3 /* Podfile */,
			);
			name = "Build Utilities";
			sourceTree = "<group>";
		};
		630BDE0124B3ADC60035D8B3 /* Demo iOS Today */ = {
			isa = PBXGroup;
			children = (
				630BDE1C24B3AE0E0035D8B3 /* Demo iOS Today.entitlements */,
				630BDE0224B3ADC60035D8B3 /* TodayViewController.swift */,
				630BDE0424B3ADC60035D8B3 /* MainInterface.storyboard */,
				630BDE0724B3ADC60035D8B3 /* Info.plist */,
			);
			path = "Demo iOS Today";
			sourceTree = "<group>";
		};
		630BDE2524B3B0F10035D8B3 /* Demo watchOS WatchKit App */ = {
			isa = PBXGroup;
			children = (
				6384233529EF1BAF005E739C /* Demo watchOS WatchKit App.entitlements */,
				630BDE2624B3B0F10035D8B3 /* Interface.storyboard */,
				630BDE2924B3B0F30035D8B3 /* Assets.xcassets */,
			);
			path = "Demo watchOS WatchKit App";
			sourceTree = "<group>";
		};
		630BDE3424B3B0F30035D8B3 /* Demo watchOS WatchKit Extension */ = {
			isa = PBXGroup;
			children = (
				6384233629EF1BEE005E739C /* Demo watchOS WatchKit Extension.entitlements */,
				630BDE3524B3B0F30035D8B3 /* InterfaceController.swift */,
				630BDE3724B3B0F30035D8B3 /* ExtensionDelegate.swift */,
				630BDE3924B3B0F30035D8B3 /* NotificationController.swift */,
				630BDE3B24B3B0F30035D8B3 /* ComplicationController.swift */,
				630BDE3D24B3B0F40035D8B3 /* Assets.xcassets */,
				630BDE3F24B3B0F40035D8B3 /* Info.plist */,
				630BDE4024B3B0F40035D8B3 /* PushNotificationPayload.apns */,
			);
			path = "Demo watchOS WatchKit Extension";
			sourceTree = "<group>";
		};
		631A7AA9248B376500D86CFF = {
			isa = PBXGroup;
			children = (
				630BDC4024B389A30035D8B3 /* Build Utilities */,
				631A7AB4248B376500D86CFF /* Demo iOS */,
				631A7ADB248B376600D86CFF /* Demo iOSUITests */,
				630BDE0124B3ADC60035D8B3 /* Demo iOS Today */,
				630BDE2524B3B0F10035D8B3 /* Demo watchOS WatchKit App */,
				630BDE3424B3B0F30035D8B3 /* Demo watchOS WatchKit Extension */,
				6384231229EF1747005E739C /* Demo watchOSTests */,
				6384231C29EF1748005E739C /* Demo watchOSUITests */,
				631A7AB3248B376500D86CFF /* Products */,
				631A7AED248B3AB800D86CFF /* Frameworks */,
				474F3D52B8CFB4C610ECAFC7 /* Pods */,
			);
			sourceTree = "<group>";
		};
		631A7AB3248B376500D86CFF /* Products */ = {
			isa = PBXGroup;
			children = (
				631A7AB2248B376500D86CFF /* Demo iOS.app */,
				631A7AD8248B376600D86CFF /* Demo iOSUITests.xctest */,
				630BDDFE24B3ADC60035D8B3 /* Demo iOS Today.appex */,
				630BDE2424B3B0F10035D8B3 /* Demo watchOS WatchKit App.app */,
				630BDE3024B3B0F30035D8B3 /* Demo watchOS WatchKit Extension.appex */,
				638422F829EF1743005E739C /* Demo watchOS.app */,
				6384230F29EF1746005E739C /* Demo watchOSTests.xctest */,
				6384231929EF1747005E739C /* Demo watchOSUITests.xctest */,
			);
			name = Products;
			sourceTree = "<group>";
		};
		631A7AB4248B376500D86CFF /* Demo iOS */ = {
			isa = PBXGroup;
			children = (
				630BDE1D24B3AE360035D8B3 /* Demo iOS.entitlements */,
				631A7AB5248B376500D86CFF /* AppDelegate.h */,
				631A7AB6248B376500D86CFF /* AppDelegate.m */,
				631A7AB8248B376500D86CFF /* SceneDelegate.h */,
				631A7AB9248B376500D86CFF /* SceneDelegate.m */,
				631A7ABB248B376500D86CFF /* ViewController.h */,
				631A7ABC248B376500D86CFF /* ViewController.m */,
				63C84378268F787B00C6165E /* ViewController+Swift.swift */,
				631A7ABE248B376500D86CFF /* Main.storyboard */,
				631A7AC1248B376600D86CFF /* Assets.xcassets */,
				631A7AC3248B376600D86CFF /* LaunchScreen.storyboard */,
				631A7AC6248B376600D86CFF /* Info.plist */,
				631A7AC7248B376600D86CFF /* main.m */,
				63E62B562492A1A60038A694 /* Peoplepower-Config-Override.plist */,
				63C84377268F787A00C6165E /* Demo iOS-Bridging-Header.h */,
			);
			path = "Demo iOS";
			sourceTree = "<group>";
		};
		631A7ADB248B376600D86CFF /* Demo iOSUITests */ = {
			isa = PBXGroup;
			children = (
				631A7ADC248B376600D86CFF /* Peoplepower_DemoUITests.m */,
				631A7ADE248B376600D86CFF /* Info.plist */,
			);
			path = "Demo iOSUITests";
			sourceTree = "<group>";
		};
		631A7AED248B3AB800D86CFF /* Frameworks */ = {
			isa = PBXGroup;
			children = (
				63A2B62D29EBBFE70003D5FF /* Realm.xcframework */,
				63A2B62C29EBBFE70003D5FF /* RealmSwift.xcframework */,
				6306AD2129F1A8A40012301B /* Realm.xcframework */,
				6306AD2229F1A8A50012301B /* RealmSwift.xcframework */,
				638422E329EF0B18005E739C /* Peoplepower.framework */,
				63DDBD2429EA66C00078CCDF /* AFNetworking.xcframework */,
				63DDBD2829EA66C10078CCDF /* KissXML.xcframework */,
				63DDBD2329EA66C00078CCDF /* OHHTTPStubs.xcframework */,
				63DDBD2529EA66C00078CCDF /* Peoplepower.xcframework */,
				63DDBD2629EA66C10078CCDF /* SocketRocket.xcframework */,
				63DDBD2729EA66C10078CCDF /* UICKeyChainStore.xcframework */,
				634A522E27D5D0CC004B903A /* Peoplepower.framework */,
				63DDBD1029EA65C70078CCDF /* AFNetworking.xcframework */,
				63DDBD1129EA65C70078CCDF /* KissXML.xcframework */,
				63DDBD1229EA65C70078CCDF /* OHHTTPStubs.xcframework */,
				63DDBD1329EA65C70078CCDF /* Peoplepower.xcframework */,
				63DDBD1429EA65C70078CCDF /* SocketRocket.xcframework */,
				63DDBD1529EA65C70078CCDF /* UICKeyChainStore.xcframework */,
				634A522A27D5CFA4004B903A /* Peoplepower.framework */,
				634A522227D5CF98004B903A /* AFNetworking.framework */,
				634A522127D5CF98004B903A /* KissXML.framework */,
				634A522027D5CF98004B903A /* UICKeyChainStore.framework */,
				634A521C27D5CE54004B903A /* Peoplepower.framework */,
				634A520D27D5CE41004B903A /* AFNetworking.framework */,
				634A520F27D5CE41004B903A /* KissXML.framework */,
				634A521027D5CE41004B903A /* OHHTTPStubs.framework */,
				634A520E27D5CE41004B903A /* SocketRocket.framework */,
				634A520C27D5CE41004B903A /* UICKeyChainStore.framework */,
				63E62AC42491A4060038A694 /* Peoplepower.framework */,
				631A7AF1248B3AB800D86CFF /* AFNetworking.framework */,
				631A7AEE248B3AB800D86CFF /* KissXML.framework */,
				630BDE5B24B3B60C0035D8B3 /* AFNetworking.framework */,
				630BDE5C24B3B60C0035D8B3 /* KissXML.framework */,
				630BDE5E24B3B60C0035D8B3 /* Peoplepower.framework */,
				630BDE5D24B3B60C0035D8B3 /* UICKeyChainStore.framework */,
				631A7AF0248B3AB800D86CFF /* OHHTTPStubs.framework */,
				631A7AEF248B3AB800D86CFF /* SocketRocket.framework */,
				631A7AF3248B3AB800D86CFF /* UICKeyChainStore.framework */,
				630BDDFF24B3ADC60035D8B3 /* NotificationCenter.framework */,
			);
			name = Frameworks;
			sourceTree = "<group>";
		};
		6384231229EF1747005E739C /* Demo watchOSTests */ = {
			isa = PBXGroup;
			children = (
				6384231329EF1747005E739C /* Demo_watchOSTests.swift */,
			);
			path = "Demo watchOSTests";
			sourceTree = "<group>";
		};
		6384231C29EF1748005E739C /* Demo watchOSUITests */ = {
			isa = PBXGroup;
			children = (
				6384231D29EF1748005E739C /* Demo_watchOSUITests.swift */,
				6384231F29EF1748005E739C /* Demo_watchOSUITestsLaunchTests.swift */,
			);
			path = "Demo watchOSUITests";
			sourceTree = "<group>";
		};
/* End PBXGroup section */

/* Begin PBXNativeTarget section */
		630BDDFD24B3ADC60035D8B3 /* Demo iOS Today */ = {
			isa = PBXNativeTarget;
			buildConfigurationList = 630BDE0B24B3ADC60035D8B3 /* Build configuration list for PBXNativeTarget "Demo iOS Today" */;
			buildPhases = (
				630BDDFA24B3ADC60035D8B3 /* Sources */,
				630BDDFB24B3ADC60035D8B3 /* Frameworks */,
				630BDDFC24B3ADC60035D8B3 /* Resources */,
			);
			buildRules = (
			);
			dependencies = (
			);
			name = "Demo iOS Today";
			productName = "Demo iOS Today";
			productReference = 630BDDFE24B3ADC60035D8B3 /* Demo iOS Today.appex */;
			productType = "com.apple.product-type.app-extension";
		};
		630BDE2324B3B0F10035D8B3 /* Demo watchOS WatchKit App */ = {
			isa = PBXNativeTarget;
			buildConfigurationList = 630BDE4824B3B0F40035D8B3 /* Build configuration list for PBXNativeTarget "Demo watchOS WatchKit App" */;
			buildPhases = (
				630BDE2224B3B0F10035D8B3 /* Resources */,
				630BDE4724B3B0F40035D8B3 /* Embed App Extensions */,
				A853F2C1BBBCEA47B935FC46 /* Frameworks */,
			);
			buildRules = (
			);
			dependencies = (
				630BDE3324B3B0F30035D8B3 /* PBXTargetDependency */,
			);
			name = "Demo watchOS WatchKit App";
			productName = "Demo watchOS";
			productReference = 630BDE2424B3B0F10035D8B3 /* Demo watchOS WatchKit App.app */;
			productType = "com.apple.product-type.application.watchapp2";
		};
		630BDE2F24B3B0F30035D8B3 /* Demo watchOS WatchKit Extension */ = {
			isa = PBXNativeTarget;
			buildConfigurationList = 630BDE4424B3B0F40035D8B3 /* Build configuration list for PBXNativeTarget "Demo watchOS WatchKit Extension" */;
			buildPhases = (
				630BDE2C24B3B0F30035D8B3 /* Sources */,
				630BDE2D24B3B0F30035D8B3 /* Frameworks */,
				630BDE2E24B3B0F30035D8B3 /* Resources */,
				634A523127D5D0CD004B903A /* Embed Frameworks */,
			);
			buildRules = (
			);
			dependencies = (
			);
			name = "Demo watchOS WatchKit Extension";
			productName = "Demo watchOS Extension";
			productReference = 630BDE3024B3B0F30035D8B3 /* Demo watchOS WatchKit Extension.appex */;
			productType = "com.apple.product-type.watchkit2-extension";
		};
		631A7AB1248B376500D86CFF /* Demo iOS */ = {
			isa = PBXNativeTarget;
			buildConfigurationList = 631A7AE1248B376600D86CFF /* Build configuration list for PBXNativeTarget "Demo iOS" */;
			buildPhases = (
				631A7AAE248B376500D86CFF /* Sources */,
				631A7AAF248B376500D86CFF /* Frameworks */,
				631A7AB0248B376500D86CFF /* Resources */,
				630BDE0E24B3ADC60035D8B3 /* Embed App Extensions */,
				63DDBD3529EA66C30078CCDF /* Embed Frameworks */,
			);
			buildRules = (
			);
			dependencies = (
				630BDE0924B3ADC60035D8B3 /* PBXTargetDependency */,
			);
			name = "Demo iOS";
			productName = "Peoplepower Demo";
			productReference = 631A7AB2248B376500D86CFF /* Demo iOS.app */;
			productType = "com.apple.product-type.application";
		};
		631A7AD7248B376600D86CFF /* Demo iOSUITests */ = {
			isa = PBXNativeTarget;
			buildConfigurationList = 631A7AE7248B376600D86CFF /* Build configuration list for PBXNativeTarget "Demo iOSUITests" */;
			buildPhases = (
				631A7AD4248B376600D86CFF /* Sources */,
				631A7AD5248B376600D86CFF /* Frameworks */,
				631A7AD6248B376600D86CFF /* Resources */,
			);
			buildRules = (
			);
			dependencies = (
				631A7ADA248B376600D86CFF /* PBXTargetDependency */,
			);
			name = "Demo iOSUITests";
			productName = "Peoplepower DemoUITests";
			productReference = 631A7AD8248B376600D86CFF /* Demo iOSUITests.xctest */;
			productType = "com.apple.product-type.bundle.ui-testing";
		};
		638422F729EF1743005E739C /* Demo watchOS */ = {
			isa = PBXNativeTarget;
			buildConfigurationList = 6384232529EF1748005E739C /* Build configuration list for PBXNativeTarget "Demo watchOS" */;
			buildPhases = (
				638422F629EF1743005E739C /* Resources */,
				6384232429EF1748005E739C /* Embed Watch Content */,
			);
			buildRules = (
			);
			dependencies = (
				6384232F29EF18AC005E739C /* PBXTargetDependency */,
			);
			name = "Demo watchOS";
			productName = "Demo watchOS 2";
			productReference = 638422F829EF1743005E739C /* Demo watchOS.app */;
			productType = "com.apple.product-type.application.watchapp2-container";
		};
		6384230E29EF1746005E739C /* Demo watchOSTests */ = {
			isa = PBXNativeTarget;
			buildConfigurationList = 6384232829EF1748005E739C /* Build configuration list for PBXNativeTarget "Demo watchOSTests" */;
			buildPhases = (
				6384230B29EF1746005E739C /* Sources */,
				6384230C29EF1746005E739C /* Frameworks */,
				6384230D29EF1746005E739C /* Resources */,
			);
			buildRules = (
			);
			dependencies = (
				6384233229EF190E005E739C /* PBXTargetDependency */,
			);
			name = "Demo watchOSTests";
			productName = "Demo watchOS 2 Watch AppTests";
			productReference = 6384230F29EF1746005E739C /* Demo watchOSTests.xctest */;
			productType = "com.apple.product-type.bundle.unit-test";
		};
		6384231829EF1747005E739C /* Demo watchOSUITests */ = {
			isa = PBXNativeTarget;
			buildConfigurationList = 6384232B29EF1748005E739C /* Build configuration list for PBXNativeTarget "Demo watchOSUITests" */;
			buildPhases = (
				6384231529EF1747005E739C /* Sources */,
				6384231629EF1747005E739C /* Frameworks */,
				6384231729EF1747005E739C /* Resources */,
			);
			buildRules = (
			);
			dependencies = (
				6384233429EF1936005E739C /* PBXTargetDependency */,
			);
			name = "Demo watchOSUITests";
			productName = "Demo watchOS 2 Watch AppUITests";
			productReference = 6384231929EF1747005E739C /* Demo watchOSUITests.xctest */;
			productType = "com.apple.product-type.bundle.ui-testing";
		};
/* End PBXNativeTarget section */

/* Begin PBXProject section */
		631A7AAA248B376500D86CFF /* Project object */ = {
			isa = PBXProject;
			attributes = {
				LastSwiftUpdateCheck = 1420;
				LastUpgradeCheck = 1150;
				ORGANIZATIONNAME = peoplepowerco;
				TargetAttributes = {
					630BDDFD24B3ADC60035D8B3 = {
						CreatedOnToolsVersion = 11.5;
					};
					630BDE2324B3B0F10035D8B3 = {
						CreatedOnToolsVersion = 11.5;
					};
					630BDE2F24B3B0F30035D8B3 = {
						CreatedOnToolsVersion = 11.5;
					};
					631A7AB1248B376500D86CFF = {
						CreatedOnToolsVersion = 11.5;
						LastSwiftMigration = 1250;
					};
					631A7AD7248B376600D86CFF = {
						CreatedOnToolsVersion = 11.5;
						TestTargetID = 631A7AB1248B376500D86CFF;
					};
					638422F729EF1743005E739C = {
						CreatedOnToolsVersion = 14.2;
					};
					6384230E29EF1746005E739C = {
						CreatedOnToolsVersion = 14.2;
						TestTargetID = 638422FC29EF1743005E739C;
					};
					6384231829EF1747005E739C = {
						CreatedOnToolsVersion = 14.2;
						TestTargetID = 638422FC29EF1743005E739C;
					};
				};
			};
			buildConfigurationList = 631A7AAD248B376500D86CFF /* Build configuration list for PBXProject "Demo" */;
			compatibilityVersion = "Xcode 9.3";
			developmentRegion = en;
			hasScannedForEncodings = 0;
			knownRegions = (
				en,
				Base,
			);
			mainGroup = 631A7AA9248B376500D86CFF;
			productRefGroup = 631A7AB3248B376500D86CFF /* Products */;
			projectDirPath = "";
			projectRoot = "";
			targets = (
				631A7AB1248B376500D86CFF /* Demo iOS */,
				630BDDFD24B3ADC60035D8B3 /* Demo iOS Today */,
				631A7AD7248B376600D86CFF /* Demo iOSUITests */,
				638422F729EF1743005E739C /* Demo watchOS */,
				630BDE2324B3B0F10035D8B3 /* Demo watchOS WatchKit App */,
				630BDE2F24B3B0F30035D8B3 /* Demo watchOS WatchKit Extension */,
				6384230E29EF1746005E739C /* Demo watchOSTests */,
				6384231829EF1747005E739C /* Demo watchOSUITests */,
			);
		};
/* End PBXProject section */

/* Begin PBXResourcesBuildPhase section */
		630BDDFC24B3ADC60035D8B3 /* Resources */ = {
			isa = PBXResourcesBuildPhase;
			buildActionMask = 2147483647;
			files = (
				630BDE0624B3ADC60035D8B3 /* MainInterface.storyboard in Resources */,
			);
			runOnlyForDeploymentPostprocessing = 0;
		};
		630BDE2224B3B0F10035D8B3 /* Resources */ = {
			isa = PBXResourcesBuildPhase;
			buildActionMask = 2147483647;
			files = (
				630BDE2A24B3B0F30035D8B3 /* Assets.xcassets in Resources */,
				630BDE2824B3B0F20035D8B3 /* Interface.storyboard in Resources */,
			);
			runOnlyForDeploymentPostprocessing = 0;
		};
		630BDE2E24B3B0F30035D8B3 /* Resources */ = {
			isa = PBXResourcesBuildPhase;
			buildActionMask = 2147483647;
			files = (
				630BDE3E24B3B0F40035D8B3 /* Assets.xcassets in Resources */,
			);
			runOnlyForDeploymentPostprocessing = 0;
		};
		631A7AB0248B376500D86CFF /* Resources */ = {
			isa = PBXResourcesBuildPhase;
			buildActionMask = 2147483647;
			files = (
				631A7AC5248B376600D86CFF /* LaunchScreen.storyboard in Resources */,
				631A7AC2248B376600D86CFF /* Assets.xcassets in Resources */,
				63E62B572492A1A60038A694 /* Peoplepower-Config-Override.plist in Resources */,
				631A7AC0248B376500D86CFF /* Main.storyboard in Resources */,
			);
			runOnlyForDeploymentPostprocessing = 0;
		};
		631A7AD6248B376600D86CFF /* Resources */ = {
			isa = PBXResourcesBuildPhase;
			buildActionMask = 2147483647;
			files = (
			);
			runOnlyForDeploymentPostprocessing = 0;
		};
		638422F629EF1743005E739C /* Resources */ = {
			isa = PBXResourcesBuildPhase;
			buildActionMask = 2147483647;
			files = (
			);
			runOnlyForDeploymentPostprocessing = 0;
		};
		6384230D29EF1746005E739C /* Resources */ = {
			isa = PBXResourcesBuildPhase;
			buildActionMask = 2147483647;
			files = (
			);
			runOnlyForDeploymentPostprocessing = 0;
		};
		6384231729EF1747005E739C /* Resources */ = {
			isa = PBXResourcesBuildPhase;
			buildActionMask = 2147483647;
			files = (
			);
			runOnlyForDeploymentPostprocessing = 0;
		};
/* End PBXResourcesBuildPhase section */

/* Begin PBXSourcesBuildPhase section */
		630BDDFA24B3ADC60035D8B3 /* Sources */ = {
			isa = PBXSourcesBuildPhase;
			buildActionMask = 2147483647;
			files = (
				630BDE0324B3ADC60035D8B3 /* TodayViewController.swift in Sources */,
			);
			runOnlyForDeploymentPostprocessing = 0;
		};
		630BDE2C24B3B0F30035D8B3 /* Sources */ = {
			isa = PBXSourcesBuildPhase;
			buildActionMask = 2147483647;
			files = (
				630BDE3A24B3B0F30035D8B3 /* NotificationController.swift in Sources */,
				630BDE3C24B3B0F30035D8B3 /* ComplicationController.swift in Sources */,
				630BDE3824B3B0F30035D8B3 /* ExtensionDelegate.swift in Sources */,
				630BDE3624B3B0F30035D8B3 /* InterfaceController.swift in Sources */,
			);
			runOnlyForDeploymentPostprocessing = 0;
		};
		631A7AAE248B376500D86CFF /* Sources */ = {
			isa = PBXSourcesBuildPhase;
			buildActionMask = 2147483647;
			files = (
				63C84379268F787B00C6165E /* ViewController+Swift.swift in Sources */,
				631A7ABD248B376500D86CFF /* ViewController.m in Sources */,
				631A7AB7248B376500D86CFF /* AppDelegate.m in Sources */,
				631A7AC8248B376600D86CFF /* main.m in Sources */,
				631A7ABA248B376500D86CFF /* SceneDelegate.m in Sources */,
			);
			runOnlyForDeploymentPostprocessing = 0;
		};
		631A7AD4248B376600D86CFF /* Sources */ = {
			isa = PBXSourcesBuildPhase;
			buildActionMask = 2147483647;
			files = (
				631A7ADD248B376600D86CFF /* Peoplepower_DemoUITests.m in Sources */,
			);
			runOnlyForDeploymentPostprocessing = 0;
		};
		6384230B29EF1746005E739C /* Sources */ = {
			isa = PBXSourcesBuildPhase;
			buildActionMask = 2147483647;
			files = (
				6384231429EF1747005E739C /* Demo_watchOSTests.swift in Sources */,
			);
			runOnlyForDeploymentPostprocessing = 0;
		};
		6384231529EF1747005E739C /* Sources */ = {
			isa = PBXSourcesBuildPhase;
			buildActionMask = 2147483647;
			files = (
				6384232029EF1748005E739C /* Demo_watchOSUITestsLaunchTests.swift in Sources */,
				6384231E29EF1748005E739C /* Demo_watchOSUITests.swift in Sources */,
			);
			runOnlyForDeploymentPostprocessing = 0;
		};
/* End PBXSourcesBuildPhase section */

/* Begin PBXTargetDependency section */
		630BDE0924B3ADC60035D8B3 /* PBXTargetDependency */ = {
			isa = PBXTargetDependency;
			target = 630BDDFD24B3ADC60035D8B3 /* Demo iOS Today */;
			targetProxy = 630BDE0824B3ADC60035D8B3 /* PBXContainerItemProxy */;
		};
		630BDE3324B3B0F30035D8B3 /* PBXTargetDependency */ = {
			isa = PBXTargetDependency;
			target = 630BDE2F24B3B0F30035D8B3 /* Demo watchOS WatchKit Extension */;
			targetProxy = 630BDE3224B3B0F30035D8B3 /* PBXContainerItemProxy */;
		};
		631A7ADA248B376600D86CFF /* PBXTargetDependency */ = {
			isa = PBXTargetDependency;
			target = 631A7AB1248B376500D86CFF /* Demo iOS */;
			targetProxy = 631A7AD9248B376600D86CFF /* PBXContainerItemProxy */;
		};
		6384232F29EF18AC005E739C /* PBXTargetDependency */ = {
			isa = PBXTargetDependency;
			target = 630BDE2324B3B0F10035D8B3 /* Demo watchOS WatchKit App */;
			targetProxy = 6384232E29EF18AC005E739C /* PBXContainerItemProxy */;
		};
		6384233229EF190E005E739C /* PBXTargetDependency */ = {
			isa = PBXTargetDependency;
			target = 630BDE2F24B3B0F30035D8B3 /* Demo watchOS WatchKit Extension */;
			targetProxy = 6384233129EF190E005E739C /* PBXContainerItemProxy */;
		};
		6384233429EF1936005E739C /* PBXTargetDependency */ = {
			isa = PBXTargetDependency;
			target = 630BDE2324B3B0F10035D8B3 /* Demo watchOS WatchKit App */;
			targetProxy = 6384233329EF1936005E739C /* PBXContainerItemProxy */;
		};
/* End PBXTargetDependency section */

/* Begin PBXVariantGroup section */
		630BDE0424B3ADC60035D8B3 /* MainInterface.storyboard */ = {
			isa = PBXVariantGroup;
			children = (
				630BDE0524B3ADC60035D8B3 /* Base */,
			);
			name = MainInterface.storyboard;
			sourceTree = "<group>";
		};
		630BDE2624B3B0F10035D8B3 /* Interface.storyboard */ = {
			isa = PBXVariantGroup;
			children = (
				630BDE2724B3B0F20035D8B3 /* Base */,
			);
			name = Interface.storyboard;
			sourceTree = "<group>";
		};
		631A7ABE248B376500D86CFF /* Main.storyboard */ = {
			isa = PBXVariantGroup;
			children = (
				631A7ABF248B376500D86CFF /* Base */,
			);
			name = Main.storyboard;
			sourceTree = "<group>";
		};
		631A7AC3248B376600D86CFF /* LaunchScreen.storyboard */ = {
			isa = PBXVariantGroup;
			children = (
				631A7AC4248B376600D86CFF /* Base */,
			);
			name = LaunchScreen.storyboard;
			sourceTree = "<group>";
		};
/* End PBXVariantGroup section */

/* Begin XCBuildConfiguration section */
		630BDE0C24B3ADC60035D8B3 /* Debug */ = {
			isa = XCBuildConfiguration;
			buildSettings = {
				CODE_SIGN_ENTITLEMENTS = "Demo iOS Today/Demo iOS Today.entitlements";
				CODE_SIGN_STYLE = Automatic;
				DEVELOPMENT_TEAM = EAWY6XBUH2;
				FRAMEWORK_SEARCH_PATHS = "$(inherited)";
				INFOPLIST_FILE = "Demo iOS Today/Info.plist";
				LD_RUNPATH_SEARCH_PATHS = (
					"$(inherited)",
					"@executable_path/Frameworks",
					"@executable_path/../../Frameworks",
				);
				PRODUCT_BUNDLE_IDENTIFIER = com.peoplepowerco.lib.Peoplepower.demo.iOS.Today;
				PRODUCT_NAME = "$(TARGET_NAME)";
				SKIP_INSTALL = YES;
				SWIFT_ACTIVE_COMPILATION_CONDITIONS = "$(inherited) DEBUG=1 EXTENSION=1";
				SWIFT_OPTIMIZATION_LEVEL = "-Onone";
				SWIFT_VERSION = 5.0;
			};
			name = Debug;
		};
		630BDE0D24B3ADC60035D8B3 /* Release */ = {
			isa = XCBuildConfiguration;
			buildSettings = {
				CODE_SIGN_ENTITLEMENTS = "Demo iOS Today/Demo iOS Today.entitlements";
				CODE_SIGN_STYLE = Automatic;
				DEVELOPMENT_TEAM = EAWY6XBUH2;
				FRAMEWORK_SEARCH_PATHS = "$(inherited)";
				INFOPLIST_FILE = "Demo iOS Today/Info.plist";
				LD_RUNPATH_SEARCH_PATHS = (
					"$(inherited)",
					"@executable_path/Frameworks",
					"@executable_path/../../Frameworks",
				);
				PRODUCT_BUNDLE_IDENTIFIER = com.peoplepowerco.lib.Peoplepower.demo.iOS.Today;
				PRODUCT_NAME = "$(TARGET_NAME)";
				SKIP_INSTALL = YES;
				SWIFT_ACTIVE_COMPILATION_CONDITIONS = "EXTENSION=1";
				SWIFT_COMPILATION_MODE = wholemodule;
				SWIFT_OPTIMIZATION_LEVEL = "-O";
				SWIFT_VERSION = 5.0;
			};
			name = Release;
		};
		630BDE4524B3B0F40035D8B3 /* Debug */ = {
			isa = XCBuildConfiguration;
			buildSettings = {
				ASSETCATALOG_COMPILER_COMPLICATION_NAME = Complication;
				CODE_SIGN_ENTITLEMENTS = "Demo watchOS WatchKit Extension/Demo watchOS WatchKit Extension.entitlements";
				CODE_SIGN_STYLE = Automatic;
				DEVELOPMENT_TEAM = EAWY6XBUH2;
				"EXCLUDED_ARCHS[sdk=watchsimulator*]" = arm64;
				FRAMEWORK_SEARCH_PATHS = "$(inherited)";
				GENERATE_INFOPLIST_FILE = YES;
				INFOPLIST_FILE = "Demo watchOS WatchKit Extension/Info.plist";
				INFOPLIST_KEY_CFBundleDisplayName = "Demo watchOS Extension";
				INFOPLIST_KEY_CLKComplicationPrincipalClass = "$(PRODUCT_MODULE_NAME).ComplicationController";
				INFOPLIST_KEY_NSHumanReadableCopyright = "Copyright © 2023 peoplepowerco. All rights reserved.";
				INFOPLIST_KEY_WKExtensionDelegateClassName = "$(PRODUCT_MODULE_NAME).ExtensionDelegate";
				INFOPLIST_KEY_WKWatchOnly = YES;
				LD_RUNPATH_SEARCH_PATHS = (
					"$(inherited)",
					"@executable_path/Frameworks",
					"@executable_path/../../Frameworks",
				);
				PRODUCT_BUNDLE_IDENTIFIER = com.peoplepowerco.lib.Peoplepower.demo.watchOS.watchkitapp.watchkitextension;
				PRODUCT_NAME = "${TARGET_NAME}";
				SDKROOT = watchos;
				SKIP_INSTALL = YES;
				SWIFT_ACTIVE_COMPILATION_CONDITIONS = DEBUG;
				SWIFT_OPTIMIZATION_LEVEL = "-Onone";
				SWIFT_VERSION = 5.0;
				TARGETED_DEVICE_FAMILY = 4;
			};
			name = Debug;
		};
		630BDE4624B3B0F40035D8B3 /* Release */ = {
			isa = XCBuildConfiguration;
			buildSettings = {
				ASSETCATALOG_COMPILER_COMPLICATION_NAME = Complication;
				CODE_SIGN_ENTITLEMENTS = "Demo watchOS WatchKit Extension/Demo watchOS WatchKit Extension.entitlements";
				CODE_SIGN_STYLE = Automatic;
				DEVELOPMENT_TEAM = EAWY6XBUH2;
				"EXCLUDED_ARCHS[sdk=watchsimulator*]" = arm64;
				FRAMEWORK_SEARCH_PATHS = "$(inherited)";
				GENERATE_INFOPLIST_FILE = YES;
				INFOPLIST_FILE = "Demo watchOS WatchKit Extension/Info.plist";
				INFOPLIST_KEY_CFBundleDisplayName = "Demo watchOS Extension";
				INFOPLIST_KEY_CLKComplicationPrincipalClass = "$(PRODUCT_MODULE_NAME).ComplicationController";
				INFOPLIST_KEY_NSHumanReadableCopyright = "Copyright © 2023 peoplepowerco. All rights reserved.";
				INFOPLIST_KEY_WKExtensionDelegateClassName = "$(PRODUCT_MODULE_NAME).ExtensionDelegate";
				INFOPLIST_KEY_WKWatchOnly = YES;
				LD_RUNPATH_SEARCH_PATHS = (
					"$(inherited)",
					"@executable_path/Frameworks",
					"@executable_path/../../Frameworks",
				);
				PRODUCT_BUNDLE_IDENTIFIER = com.peoplepowerco.lib.Peoplepower.demo.watchOS.watchkitapp.watchkitextension;
				PRODUCT_NAME = "${TARGET_NAME}";
				SDKROOT = watchos;
				SKIP_INSTALL = YES;
				SWIFT_COMPILATION_MODE = wholemodule;
				SWIFT_OPTIMIZATION_LEVEL = "-O";
				SWIFT_VERSION = 5.0;
				TARGETED_DEVICE_FAMILY = 4;
			};
			name = Release;
		};
		630BDE4924B3B0F40035D8B3 /* Debug */ = {
			isa = XCBuildConfiguration;
			buildSettings = {
				ALWAYS_EMBED_SWIFT_STANDARD_LIBRARIES = YES;
				ASSETCATALOG_COMPILER_APPICON_NAME = AppIcon;
				CODE_SIGN_ENTITLEMENTS = "Demo watchOS WatchKit App/Demo watchOS WatchKit App.entitlements";
				CODE_SIGN_STYLE = Automatic;
				DEVELOPMENT_TEAM = EAWY6XBUH2;
				GENERATE_INFOPLIST_FILE = YES;
				IBSC_MODULE = Demo_watchOS_Extension;
				INFOPLIST_KEY_CFBundleDisplayName = "Demo iOS";
				INFOPLIST_KEY_UISupportedInterfaceOrientations = "UIInterfaceOrientationPortrait UIInterfaceOrientationPortraitUpsideDown";
				LD_RUNPATH_SEARCH_PATHS = (
					"$(inherited)",
					"@executable_path/Frameworks",
				);
				PRODUCT_BUNDLE_IDENTIFIER = com.peoplepowerco.lib.Peoplepower.demo.watchOS.watchkitapp;
				PRODUCT_NAME = "$(TARGET_NAME)";
				SDKROOT = watchos;
				SKIP_INSTALL = YES;
				SWIFT_ACTIVE_COMPILATION_CONDITIONS = DEBUG;
				SWIFT_OPTIMIZATION_LEVEL = "-Onone";
				SWIFT_VERSION = 5.0;
				TARGETED_DEVICE_FAMILY = 4;
			};
			name = Debug;
		};
		630BDE4A24B3B0F40035D8B3 /* Release */ = {
			isa = XCBuildConfiguration;
			buildSettings = {
				ALWAYS_EMBED_SWIFT_STANDARD_LIBRARIES = YES;
				ASSETCATALOG_COMPILER_APPICON_NAME = AppIcon;
				CODE_SIGN_ENTITLEMENTS = "Demo watchOS WatchKit App/Demo watchOS WatchKit App.entitlements";
				CODE_SIGN_STYLE = Automatic;
				DEVELOPMENT_TEAM = EAWY6XBUH2;
				GENERATE_INFOPLIST_FILE = YES;
				IBSC_MODULE = Demo_watchOS_Extension;
				INFOPLIST_KEY_CFBundleDisplayName = "Demo iOS";
				INFOPLIST_KEY_UISupportedInterfaceOrientations = "UIInterfaceOrientationPortrait UIInterfaceOrientationPortraitUpsideDown";
				LD_RUNPATH_SEARCH_PATHS = (
					"$(inherited)",
					"@executable_path/Frameworks",
				);
				PRODUCT_BUNDLE_IDENTIFIER = com.peoplepowerco.lib.Peoplepower.demo.watchOS.watchkitapp;
				PRODUCT_NAME = "$(TARGET_NAME)";
				SDKROOT = watchos;
				SKIP_INSTALL = YES;
				SWIFT_COMPILATION_MODE = wholemodule;
				SWIFT_OPTIMIZATION_LEVEL = "-O";
				SWIFT_VERSION = 5.0;
				TARGETED_DEVICE_FAMILY = 4;
			};
			name = Release;
		};
		631A7ADF248B376600D86CFF /* Debug */ = {
			isa = XCBuildConfiguration;
			buildSettings = {
				ALWAYS_SEARCH_USER_PATHS = NO;
				CLANG_ANALYZER_NONNULL = YES;
				CLANG_ANALYZER_NUMBER_OBJECT_CONVERSION = YES_AGGRESSIVE;
				CLANG_CXX_LANGUAGE_STANDARD = "gnu++14";
				CLANG_CXX_LIBRARY = "libc++";
				CLANG_ENABLE_MODULES = YES;
				CLANG_ENABLE_OBJC_ARC = YES;
				CLANG_ENABLE_OBJC_WEAK = YES;
				CLANG_WARN_BLOCK_CAPTURE_AUTORELEASING = YES;
				CLANG_WARN_BOOL_CONVERSION = YES;
				CLANG_WARN_COMMA = YES;
				CLANG_WARN_CONSTANT_CONVERSION = YES;
				CLANG_WARN_DEPRECATED_OBJC_IMPLEMENTATIONS = YES;
				CLANG_WARN_DIRECT_OBJC_ISA_USAGE = YES_ERROR;
				CLANG_WARN_DOCUMENTATION_COMMENTS = YES;
				CLANG_WARN_EMPTY_BODY = YES;
				CLANG_WARN_ENUM_CONVERSION = YES;
				CLANG_WARN_INFINITE_RECURSION = YES;
				CLANG_WARN_INT_CONVERSION = YES;
				CLANG_WARN_NON_LITERAL_NULL_CONVERSION = YES;
				CLANG_WARN_OBJC_IMPLICIT_RETAIN_SELF = YES;
				CLANG_WARN_OBJC_LITERAL_CONVERSION = YES;
				CLANG_WARN_OBJC_ROOT_CLASS = YES_ERROR;
				CLANG_WARN_RANGE_LOOP_ANALYSIS = YES;
				CLANG_WARN_STRICT_PROTOTYPES = YES;
				CLANG_WARN_SUSPICIOUS_MOVE = YES;
				CLANG_WARN_UNGUARDED_AVAILABILITY = YES_AGGRESSIVE;
				CLANG_WARN_UNREACHABLE_CODE = YES;
				CLANG_WARN__DUPLICATE_METHOD_MATCH = YES;
				COPY_PHASE_STRIP = NO;
				CURRENT_PROJECT_VERSION = 12;
				DEBUG_INFORMATION_FORMAT = dwarf;
				DYLIB_COMPATIBILITY_VERSION = 1;
				DYLIB_CURRENT_VERSION = 12;
				ENABLE_BITCODE = NO;
				ENABLE_STRICT_OBJC_MSGSEND = YES;
				ENABLE_TESTABILITY = YES;
				GCC_C_LANGUAGE_STANDARD = gnu11;
				GCC_DYNAMIC_NO_PIC = NO;
				GCC_NO_COMMON_BLOCKS = YES;
				GCC_OPTIMIZATION_LEVEL = 0;
				GCC_PREPROCESSOR_DEFINITIONS = (
					"DEBUG=1",
					"$(inherited)",
				);
				GCC_WARN_64_TO_32_BIT_CONVERSION = YES;
				GCC_WARN_ABOUT_RETURN_TYPE = YES_ERROR;
				GCC_WARN_UNDECLARED_SELECTOR = YES;
				GCC_WARN_UNINITIALIZED_AUTOS = YES_AGGRESSIVE;
				GCC_WARN_UNUSED_FUNCTION = YES;
				GCC_WARN_UNUSED_VARIABLE = YES;
				IPHONEOS_DEPLOYMENT_TARGET = 12.0;
				MARKETING_VERSION = 1.0;
				MTL_ENABLE_DEBUG_INFO = INCLUDE_SOURCE;
				MTL_FAST_MATH = YES;
				ONLY_ACTIVE_ARCH = YES;
				SDKROOT = iphoneos;
				TARGETED_DEVICE_FAMILY = "1,2";
				VERSIONING_SYSTEM = "apple-generic";
			};
			name = Debug;
		};
		631A7AE0248B376600D86CFF /* Release */ = {
			isa = XCBuildConfiguration;
			buildSettings = {
				ALWAYS_SEARCH_USER_PATHS = NO;
				CLANG_ANALYZER_NONNULL = YES;
				CLANG_ANALYZER_NUMBER_OBJECT_CONVERSION = YES_AGGRESSIVE;
				CLANG_CXX_LANGUAGE_STANDARD = "gnu++14";
				CLANG_CXX_LIBRARY = "libc++";
				CLANG_ENABLE_MODULES = YES;
				CLANG_ENABLE_OBJC_ARC = YES;
				CLANG_ENABLE_OBJC_WEAK = YES;
				CLANG_WARN_BLOCK_CAPTURE_AUTORELEASING = YES;
				CLANG_WARN_BOOL_CONVERSION = YES;
				CLANG_WARN_COMMA = YES;
				CLANG_WARN_CONSTANT_CONVERSION = YES;
				CLANG_WARN_DEPRECATED_OBJC_IMPLEMENTATIONS = YES;
				CLANG_WARN_DIRECT_OBJC_ISA_USAGE = YES_ERROR;
				CLANG_WARN_DOCUMENTATION_COMMENTS = YES;
				CLANG_WARN_EMPTY_BODY = YES;
				CLANG_WARN_ENUM_CONVERSION = YES;
				CLANG_WARN_INFINITE_RECURSION = YES;
				CLANG_WARN_INT_CONVERSION = YES;
				CLANG_WARN_NON_LITERAL_NULL_CONVERSION = YES;
				CLANG_WARN_OBJC_IMPLICIT_RETAIN_SELF = YES;
				CLANG_WARN_OBJC_LITERAL_CONVERSION = YES;
				CLANG_WARN_OBJC_ROOT_CLASS = YES_ERROR;
				CLANG_WARN_RANGE_LOOP_ANALYSIS = YES;
				CLANG_WARN_STRICT_PROTOTYPES = YES;
				CLANG_WARN_SUSPICIOUS_MOVE = YES;
				CLANG_WARN_UNGUARDED_AVAILABILITY = YES_AGGRESSIVE;
				CLANG_WARN_UNREACHABLE_CODE = YES;
				CLANG_WARN__DUPLICATE_METHOD_MATCH = YES;
				COPY_PHASE_STRIP = NO;
				CURRENT_PROJECT_VERSION = 12;
				DEBUG_INFORMATION_FORMAT = "dwarf-with-dsym";
				DYLIB_COMPATIBILITY_VERSION = 1;
				DYLIB_CURRENT_VERSION = 12;
				ENABLE_BITCODE = NO;
				ENABLE_NS_ASSERTIONS = NO;
				ENABLE_STRICT_OBJC_MSGSEND = YES;
				GCC_C_LANGUAGE_STANDARD = gnu11;
				GCC_NO_COMMON_BLOCKS = YES;
				GCC_WARN_64_TO_32_BIT_CONVERSION = YES;
				GCC_WARN_ABOUT_RETURN_TYPE = YES_ERROR;
				GCC_WARN_UNDECLARED_SELECTOR = YES;
				GCC_WARN_UNINITIALIZED_AUTOS = YES_AGGRESSIVE;
				GCC_WARN_UNUSED_FUNCTION = YES;
				GCC_WARN_UNUSED_VARIABLE = YES;
				IPHONEOS_DEPLOYMENT_TARGET = 12.0;
				MARKETING_VERSION = 1.0;
				MTL_ENABLE_DEBUG_INFO = NO;
				MTL_FAST_MATH = YES;
				SDKROOT = iphoneos;
				TARGETED_DEVICE_FAMILY = "1,2";
				VALIDATE_PRODUCT = YES;
				VERSIONING_SYSTEM = "apple-generic";
			};
			name = Release;
		};
		631A7AE2248B376600D86CFF /* Debug */ = {
			isa = XCBuildConfiguration;
			buildSettings = {
				ALWAYS_EMBED_SWIFT_STANDARD_LIBRARIES = YES;
				ASSETCATALOG_COMPILER_APPICON_NAME = AppIcon;
				CLANG_ENABLE_MODULES = YES;
				CODE_SIGN_ENTITLEMENTS = "Demo iOS/Demo iOS.entitlements";
				CODE_SIGN_STYLE = Automatic;
				DEVELOPMENT_TEAM = EAWY6XBUH2;
				FRAMEWORK_SEARCH_PATHS = "$(inherited)";
				INFOPLIST_FILE = "Demo iOS/Info.plist";
				LD_RUNPATH_SEARCH_PATHS = (
					"$(inherited)",
					"@executable_path/Frameworks",
				);
				PRODUCT_BUNDLE_IDENTIFIER = com.peoplepowerco.lib.Peoplepower.demo.iOS;
				PRODUCT_NAME = "Demo iOS";
				SWIFT_OBJC_BRIDGING_HEADER = "Demo iOS/Demo iOS-Bridging-Header.h";
				SWIFT_OPTIMIZATION_LEVEL = "-Onone";
				SWIFT_VERSION = 5.0;
			};
			name = Debug;
		};
		631A7AE3248B376600D86CFF /* Release */ = {
			isa = XCBuildConfiguration;
			buildSettings = {
				ALWAYS_EMBED_SWIFT_STANDARD_LIBRARIES = YES;
				ASSETCATALOG_COMPILER_APPICON_NAME = AppIcon;
				CLANG_ENABLE_MODULES = YES;
				CODE_SIGN_ENTITLEMENTS = "Demo iOS/Demo iOS.entitlements";
				CODE_SIGN_STYLE = Automatic;
				DEVELOPMENT_TEAM = EAWY6XBUH2;
				FRAMEWORK_SEARCH_PATHS = "$(inherited)";
				INFOPLIST_FILE = "Demo iOS/Info.plist";
				LD_RUNPATH_SEARCH_PATHS = (
					"$(inherited)",
					"@executable_path/Frameworks",
				);
				PRODUCT_BUNDLE_IDENTIFIER = com.peoplepowerco.lib.Peoplepower.demo.iOS;
				PRODUCT_NAME = "Demo iOS";
				SWIFT_OBJC_BRIDGING_HEADER = "Demo iOS/Demo iOS-Bridging-Header.h";
				SWIFT_VERSION = 5.0;
			};
			name = Release;
		};
		631A7AE8248B376600D86CFF /* Debug */ = {
			isa = XCBuildConfiguration;
			buildSettings = {
				ALWAYS_EMBED_SWIFT_STANDARD_LIBRARIES = YES;
				CODE_SIGN_STYLE = Automatic;
				DEVELOPMENT_TEAM = EAWY6XBUH2;
				INFOPLIST_FILE = "Demo iOSUITests/Info.plist";
				LD_RUNPATH_SEARCH_PATHS = (
					"$(inherited)",
					"@executable_path/Frameworks",
					"@loader_path/Frameworks",
				);
				PRODUCT_BUNDLE_IDENTIFIER = com.peoplepowerco.lib.Peoplepower.iOS.demo.UITests;
				PRODUCT_NAME = "$(TARGET_NAME)";
				PROVISIONING_PROFILE = "";
				SUPPORTED_PLATFORMS = "iphoneos iphonesimulator";
				SUPPORTS_MACCATALYST = NO;
				SUPPORTS_MAC_DESIGNED_FOR_IPHONE_IPAD = YES;
				TARGETED_DEVICE_FAMILY = "1,2";
				TEST_TARGET_NAME = "Demo iOS";
			};
			name = Debug;
		};
		631A7AE9248B376600D86CFF /* Release */ = {
			isa = XCBuildConfiguration;
			buildSettings = {
				ALWAYS_EMBED_SWIFT_STANDARD_LIBRARIES = YES;
				CODE_SIGN_STYLE = Automatic;
				DEVELOPMENT_TEAM = EAWY6XBUH2;
				INFOPLIST_FILE = "Demo iOSUITests/Info.plist";
				LD_RUNPATH_SEARCH_PATHS = (
					"$(inherited)",
					"@executable_path/Frameworks",
					"@loader_path/Frameworks",
				);
				PRODUCT_BUNDLE_IDENTIFIER = com.peoplepowerco.lib.Peoplepower.iOS.demo.UITests;
				PRODUCT_NAME = "$(TARGET_NAME)";
				PROVISIONING_PROFILE = "";
				SUPPORTED_PLATFORMS = "iphoneos iphonesimulator";
				SUPPORTS_MACCATALYST = NO;
				SUPPORTS_MAC_DESIGNED_FOR_IPHONE_IPAD = YES;
				TARGETED_DEVICE_FAMILY = "1,2";
				TEST_TARGET_NAME = "Demo iOS";
			};
			name = Release;
		};
		6384232629EF1748005E739C /* Debug */ = {
			isa = XCBuildConfiguration;
			buildSettings = {
				ALWAYS_EMBED_SWIFT_STANDARD_LIBRARIES = YES;
				CLANG_CXX_LANGUAGE_STANDARD = "gnu++20";
				CLANG_WARN_QUOTED_INCLUDE_IN_FRAMEWORK_HEADER = YES;
				CODE_SIGN_STYLE = Automatic;
				DEVELOPMENT_TEAM = EAWY6XBUH2;
				"EXCLUDED_ARCHS[sdk=watchsimulator*]" = arm64;
				PRODUCT_BUNDLE_IDENTIFIER = com.peoplepowerco.lib.Peoplepower.demo.watchOS;
				PRODUCT_NAME = "$(TARGET_NAME)";
				SWIFT_ACTIVE_COMPILATION_CONDITIONS = DEBUG;
				SWIFT_OPTIMIZATION_LEVEL = "-Onone";
				SWIFT_VERSION = 5.0;
			};
			name = Debug;
		};
		6384232729EF1748005E739C /* Release */ = {
			isa = XCBuildConfiguration;
			buildSettings = {
				ALWAYS_EMBED_SWIFT_STANDARD_LIBRARIES = YES;
				CLANG_CXX_LANGUAGE_STANDARD = "gnu++20";
				CLANG_WARN_QUOTED_INCLUDE_IN_FRAMEWORK_HEADER = YES;
				CODE_SIGN_STYLE = Automatic;
				DEVELOPMENT_TEAM = EAWY6XBUH2;
				"EXCLUDED_ARCHS[sdk=watchsimulator*]" = arm64;
				PRODUCT_BUNDLE_IDENTIFIER = com.peoplepowerco.lib.Peoplepower.demo.watchOS;
				PRODUCT_NAME = "$(TARGET_NAME)";
				SWIFT_COMPILATION_MODE = wholemodule;
				SWIFT_OPTIMIZATION_LEVEL = "-O";
				SWIFT_VERSION = 5.0;
			};
			name = Release;
		};
		6384232929EF1748005E739C /* Debug */ = {
			isa = XCBuildConfiguration;
			buildSettings = {
				ALWAYS_EMBED_SWIFT_STANDARD_LIBRARIES = YES;
				BUNDLE_LOADER = "$(TEST_HOST)";
				CLANG_CXX_LANGUAGE_STANDARD = "gnu++20";
				CLANG_WARN_QUOTED_INCLUDE_IN_FRAMEWORK_HEADER = YES;
				CODE_SIGN_STYLE = Automatic;
				CURRENT_PROJECT_VERSION = 1;
				DEVELOPMENT_TEAM = EAWY6XBUH2;
				GENERATE_INFOPLIST_FILE = YES;
				MARKETING_VERSION = 1.0;
				PRODUCT_BUNDLE_IDENTIFIER = com.peoplepowerco.lib.Peoplepower.demo.watchOS.Tests;
				PRODUCT_NAME = "$(TARGET_NAME)";
				SDKROOT = watchos;
				SWIFT_ACTIVE_COMPILATION_CONDITIONS = DEBUG;
				SWIFT_EMIT_LOC_STRINGS = NO;
				SWIFT_OPTIMIZATION_LEVEL = "-Onone";
				SWIFT_VERSION = 5.0;
				TARGETED_DEVICE_FAMILY = 4;
				TEST_HOST = "$(BUILT_PRODUCTS_DIR)/Demo watchOS 2 Watch App.app/$(BUNDLE_EXECUTABLE_FOLDER_PATH)/Demo watchOS 2 Watch App";
				WATCHOS_DEPLOYMENT_TARGET = 9.1;
			};
			name = Debug;
		};
		6384232A29EF1748005E739C /* Release */ = {
			isa = XCBuildConfiguration;
			buildSettings = {
				ALWAYS_EMBED_SWIFT_STANDARD_LIBRARIES = YES;
				BUNDLE_LOADER = "$(TEST_HOST)";
				CLANG_CXX_LANGUAGE_STANDARD = "gnu++20";
				CLANG_WARN_QUOTED_INCLUDE_IN_FRAMEWORK_HEADER = YES;
				CODE_SIGN_STYLE = Automatic;
				CURRENT_PROJECT_VERSION = 1;
				DEVELOPMENT_TEAM = EAWY6XBUH2;
				GENERATE_INFOPLIST_FILE = YES;
				MARKETING_VERSION = 1.0;
				PRODUCT_BUNDLE_IDENTIFIER = com.peoplepowerco.lib.Peoplepower.demo.watchOS.Tests;
				PRODUCT_NAME = "$(TARGET_NAME)";
				SDKROOT = watchos;
				SWIFT_COMPILATION_MODE = wholemodule;
				SWIFT_EMIT_LOC_STRINGS = NO;
				SWIFT_OPTIMIZATION_LEVEL = "-O";
				SWIFT_VERSION = 5.0;
				TARGETED_DEVICE_FAMILY = 4;
				TEST_HOST = "$(BUILT_PRODUCTS_DIR)/Demo watchOS 2 Watch App.app/$(BUNDLE_EXECUTABLE_FOLDER_PATH)/Demo watchOS 2 Watch App";
				WATCHOS_DEPLOYMENT_TARGET = 9.1;
			};
			name = Release;
		};
		6384232C29EF1748005E739C /* Debug */ = {
			isa = XCBuildConfiguration;
			buildSettings = {
				ALWAYS_EMBED_SWIFT_STANDARD_LIBRARIES = YES;
				CLANG_CXX_LANGUAGE_STANDARD = "gnu++20";
				CLANG_WARN_QUOTED_INCLUDE_IN_FRAMEWORK_HEADER = YES;
				CODE_SIGN_STYLE = Automatic;
				CURRENT_PROJECT_VERSION = 1;
				DEVELOPMENT_TEAM = EAWY6XBUH2;
				GENERATE_INFOPLIST_FILE = YES;
				MARKETING_VERSION = 1.0;
				PRODUCT_BUNDLE_IDENTIFIER = com.peoplepowerco.lib.Peoplepower.demo.watchOS.UITests;
				PRODUCT_NAME = "$(TARGET_NAME)";
				SDKROOT = watchos;
				SWIFT_ACTIVE_COMPILATION_CONDITIONS = DEBUG;
				SWIFT_EMIT_LOC_STRINGS = NO;
				SWIFT_OPTIMIZATION_LEVEL = "-Onone";
				SWIFT_VERSION = 5.0;
				TARGETED_DEVICE_FAMILY = 4;
				TEST_TARGET_NAME = "Demo watchOS 2 Watch App";
				WATCHOS_DEPLOYMENT_TARGET = 9.1;
			};
			name = Debug;
		};
		6384232D29EF1748005E739C /* Release */ = {
			isa = XCBuildConfiguration;
			buildSettings = {
				ALWAYS_EMBED_SWIFT_STANDARD_LIBRARIES = YES;
				CLANG_CXX_LANGUAGE_STANDARD = "gnu++20";
				CLANG_WARN_QUOTED_INCLUDE_IN_FRAMEWORK_HEADER = YES;
				CODE_SIGN_STYLE = Automatic;
				CURRENT_PROJECT_VERSION = 1;
				DEVELOPMENT_TEAM = EAWY6XBUH2;
				GENERATE_INFOPLIST_FILE = YES;
				MARKETING_VERSION = 1.0;
				PRODUCT_BUNDLE_IDENTIFIER = com.peoplepowerco.lib.Peoplepower.demo.watchOS.UITests;
				PRODUCT_NAME = "$(TARGET_NAME)";
				SDKROOT = watchos;
				SWIFT_COMPILATION_MODE = wholemodule;
				SWIFT_EMIT_LOC_STRINGS = NO;
				SWIFT_OPTIMIZATION_LEVEL = "-O";
				SWIFT_VERSION = 5.0;
				TARGETED_DEVICE_FAMILY = 4;
				TEST_TARGET_NAME = "Demo watchOS 2 Watch App";
				WATCHOS_DEPLOYMENT_TARGET = 9.1;
			};
			name = Release;
		};
/* End XCBuildConfiguration section */

/* Begin XCConfigurationList section */
		630BDE0B24B3ADC60035D8B3 /* Build configuration list for PBXNativeTarget "Demo iOS Today" */ = {
			isa = XCConfigurationList;
			buildConfigurations = (
				630BDE0C24B3ADC60035D8B3 /* Debug */,
				630BDE0D24B3ADC60035D8B3 /* Release */,
			);
			defaultConfigurationIsVisible = 0;
			defaultConfigurationName = Release;
		};
		630BDE4424B3B0F40035D8B3 /* Build configuration list for PBXNativeTarget "Demo watchOS WatchKit Extension" */ = {
			isa = XCConfigurationList;
			buildConfigurations = (
				630BDE4524B3B0F40035D8B3 /* Debug */,
				630BDE4624B3B0F40035D8B3 /* Release */,
			);
			defaultConfigurationIsVisible = 0;
			defaultConfigurationName = Release;
		};
		630BDE4824B3B0F40035D8B3 /* Build configuration list for PBXNativeTarget "Demo watchOS WatchKit App" */ = {
			isa = XCConfigurationList;
			buildConfigurations = (
				630BDE4924B3B0F40035D8B3 /* Debug */,
				630BDE4A24B3B0F40035D8B3 /* Release */,
			);
			defaultConfigurationIsVisible = 0;
			defaultConfigurationName = Release;
		};
		631A7AAD248B376500D86CFF /* Build configuration list for PBXProject "Demo" */ = {
			isa = XCConfigurationList;
			buildConfigurations = (
				631A7ADF248B376600D86CFF /* Debug */,
				631A7AE0248B376600D86CFF /* Release */,
			);
			defaultConfigurationIsVisible = 0;
			defaultConfigurationName = Release;
		};
		631A7AE1248B376600D86CFF /* Build configuration list for PBXNativeTarget "Demo iOS" */ = {
			isa = XCConfigurationList;
			buildConfigurations = (
				631A7AE2248B376600D86CFF /* Debug */,
				631A7AE3248B376600D86CFF /* Release */,
			);
			defaultConfigurationIsVisible = 0;
			defaultConfigurationName = Release;
		};
		631A7AE7248B376600D86CFF /* Build configuration list for PBXNativeTarget "Demo iOSUITests" */ = {
			isa = XCConfigurationList;
			buildConfigurations = (
				631A7AE8248B376600D86CFF /* Debug */,
				631A7AE9248B376600D86CFF /* Release */,
			);
			defaultConfigurationIsVisible = 0;
			defaultConfigurationName = Release;
		};
		6384232529EF1748005E739C /* Build configuration list for PBXNativeTarget "Demo watchOS" */ = {
			isa = XCConfigurationList;
			buildConfigurations = (
				6384232629EF1748005E739C /* Debug */,
				6384232729EF1748005E739C /* Release */,
			);
			defaultConfigurationIsVisible = 0;
			defaultConfigurationName = Release;
		};
		6384232829EF1748005E739C /* Build configuration list for PBXNativeTarget "Demo watchOSTests" */ = {
			isa = XCConfigurationList;
			buildConfigurations = (
				6384232929EF1748005E739C /* Debug */,
				6384232A29EF1748005E739C /* Release */,
			);
			defaultConfigurationIsVisible = 0;
			defaultConfigurationName = Release;
		};
		6384232B29EF1748005E739C /* Build configuration list for PBXNativeTarget "Demo watchOSUITests" */ = {
			isa = XCConfigurationList;
			buildConfigurations = (
				6384232C29EF1748005E739C /* Debug */,
				6384232D29EF1748005E739C /* Release */,
			);
			defaultConfigurationIsVisible = 0;
			defaultConfigurationName = Release;
		};
/* End XCConfigurationList section */
	};
	rootObject = 631A7AAA248B376500D86CFF /* Project object */;
}
