PODS:
  - Peoplepower-Resources/iOS (0.2.7)
  - Peoplepower-Resources/Tests (0.2.7)
  - Peoplepower-Resources/watchOS (0.2.7)

DEPENDENCIES:
  - Peoplepower-Resources/iOS (from `../Peoplepower-Resources.podspec`)
  - Peoplepower-Resources/Tests (from `../Peoplepower-Resources.podspec`)
  - Peoplepower-Resources/watchOS (from `../Peoplepower-Resources.podspec`)

EXTERNAL SOURCES:
  Peoplepower-Resources:
    :path: "../Peoplepower-Resources.podspec"

SPEC CHECKSUMS:
  Peoplepower-Resources: 1527436a0ba9885ef894b6b698b52355fd7432ce

PODFILE CHECKSUM: 7c9dd4c554e4df7254caf3045696cd760afc3c4f

COCOAPODS: 1.10.1
