PODS:
  - Peoplepower-Resources/iOS (1.0.12)
  - Peoplepower-Resources/Tests (1.0.12)
  - Peoplepower-Resources/watchOS (1.0.12)

DEPENDENCIES:
  - Peoplepower-Resources/iOS (from `../Peoplepower-Resources.podspec`)
  - Peoplepower-Resources/Tests (from `../Peoplepower-Resources.podspec`)
  - Peoplepower-Resources/watchOS (from `../Peoplepower-Resources.podspec`)

EXTERNAL SOURCES:
  Peoplepower-Resources:
    :path: "../Peoplepower-Resources.podspec"

SPEC CHECKSUMS:
  Peoplepower-Resources: b37342d49c753adc392d9afe7a787c19a1a2f47f

PODFILE CHECKSUM: b78c2ca3c42504fde8a95d5cc9c5488dc99d919a

COCOAPODS: 1.12.0
