PODS:
  - Peoplepower-Resources/iOS (0.2.42)
  - Peoplepower-Resources/Tests (0.2.42)
  - Peoplepower-Resources/watchOS (0.2.42)

DEPENDENCIES:
  - Peoplepower-Resources/iOS (from `../Peoplepower-Resources.podspec`)
  - Peoplepower-Resources/Tests (from `../Peoplepower-Resources.podspec`)
  - Peoplepower-Resources/watchOS (from `../Peoplepower-Resources.podspec`)

EXTERNAL SOURCES:
  Peoplepower-Resources:
    :path: "../Peoplepower-Resources.podspec"

SPEC CHECKSUMS:
  Peoplepower-Resources: 987e072eb67959ba554bd6404702a5d5c6cd9d75

PODFILE CHECKSUM: 7c9dd4c554e4df7254caf3045696cd760afc3c4f

COCOAPODS: 1.10.1
