<?xml version="1.0" encoding="UTF-8"?>
<Scheme
   LastUpgradeVersion = "1150"
   version = "1.7">
   <BuildAction
      parallelizeBuildables = "YES"
      buildImplicitDependencies = "YES">
      <PreActions>
         <ExecutionAction
            ActionType = "Xcode.IDEStandardExecutionActionsCore.ExecutionActionType.ShellScriptAction">
            <ActionContent
               title = "Create Log Directory"
               scriptText = "LOG_DIR=&quot;${PROJECT_DIR}/Logs&quot;&#10;[ ! -d $LOG_DIR ] &amp;&amp; mkdir $LOG_DIR&#10;">
               <EnvironmentBuildable>
                  <BuildableReference
                     BuildableIdentifier = "primary"
                     BlueprintIdentifier = "63BEC9AB20C5D2AA00408494"
                     BuildableName = "Peoplepower.framework"
                     BlueprintName = "Peoplepower iOS"
                     ReferencedContainer = "container:Peoplepower.xcodeproj">
                  </BuildableReference>
               </EnvironmentBuildable>
            </ActionContent>
         </ExecutionAction>
      </PreActions>
      <PostActions>
         <ExecutionAction
            ActionType = "Xcode.IDEStandardExecutionActionsCore.ExecutionActionType.ShellScriptAction">
            <ActionContent
               title = "Copy Framework To Demo Project"
               scriptText = "exec 1&gt;&gt;&quot;${PROJECT_DIR}/Logs/postbuild.log&quot;&#10;&quot;$SRCROOT/copyFramework.sh&quot;&#10;">
               <EnvironmentBuildable>
                  <BuildableReference
                     BuildableIdentifier = "primary"
                     BlueprintIdentifier = "63BEC9AB20C5D2AA00408494"
                     BuildableName = "Peoplepower.framework"
                     BlueprintName = "Peoplepower iOS"
                     ReferencedContainer = "container:Peoplepower.xcodeproj">
                  </BuildableReference>
               </EnvironmentBuildable>
            </ActionContent>
         </ExecutionAction>
      </PostActions>
      <BuildActionEntries>
         <BuildActionEntry
            buildForTesting = "YES"
            buildForRunning = "YES"
            buildForProfiling = "YES"
            buildForArchiving = "YES"
            buildForAnalyzing = "YES">
            <BuildableReference
               BuildableIdentifier = "primary"
               BlueprintIdentifier = "63BEC9AB20C5D2AA00408494"
               BuildableName = "Peoplepower.framework"
               BlueprintName = "Peoplepower iOS"
               ReferencedContainer = "container:Peoplepower.xcodeproj">
            </BuildableReference>
         </BuildActionEntry>
      </BuildActionEntries>
   </BuildAction>
   <TestAction
      buildConfiguration = "Debug"
      selectedDebuggerIdentifier = "Xcode.DebuggerFoundation.Debugger.LLDB"
      selectedLauncherIdentifier = "Xcode.DebuggerFoundation.Launcher.LLDB"
      shouldUseLaunchSchemeArgsEnv = "YES">
      <Testables>
         <TestableReference
            skipped = "NO">
            <BuildableReference
               BuildableIdentifier = "primary"
               BlueprintIdentifier = "63BEC9B320C5D2AB00408494"
               BuildableName = "Tests.xctest"
               BlueprintName = "Tests"
               ReferencedContainer = "container:Peoplepower.xcodeproj">
            </BuildableReference>
            <SkippedTests>
               <Test
                  Identifier = "PPTCDeviceProxy">
               </Test>
               <Test
                  Identifier = "PPTCFriends">
               </Test>
            </SkippedTests>
         </TestableReference>
      </Testables>
   </TestAction>
   <LaunchAction
      buildConfiguration = "Debug"
      selectedDebuggerIdentifier = "Xcode.DebuggerFoundation.Debugger.LLDB"
      selectedLauncherIdentifier = "Xcode.DebuggerFoundation.Launcher.LLDB"
      launchStyle = "0"
      useCustomWorkingDirectory = "NO"
      ignoresPersistentStateOnLaunch = "NO"
      debugDocumentVersioning = "YES"
      debugServiceExtension = "internal"
      allowLocationSimulation = "YES">
   </LaunchAction>
   <ProfileAction
      buildConfiguration = "Release"
      shouldUseLaunchSchemeArgsEnv = "YES"
      savedToolIdentifier = ""
      useCustomWorkingDirectory = "NO"
      debugDocumentVersioning = "YES">
      <MacroExpansion>
         <BuildableReference
            BuildableIdentifier = "primary"
            BlueprintIdentifier = "63BEC9AB20C5D2AA00408494"
            BuildableName = "Peoplepower.framework"
            BlueprintName = "Peoplepower iOS"
            ReferencedContainer = "container:Peoplepower.xcodeproj">
         </BuildableReference>
      </MacroExpansion>
   </ProfileAction>
   <AnalyzeAction
      buildConfiguration = "Debug">
   </AnalyzeAction>
   <ArchiveAction
      buildConfiguration = "Release"
      revealArchiveInOrganizer = "YES">
   </ArchiveAction>
</Scheme>
